// !$*UTF8*$!
{
	archiveVersion = 1;
	classes = {
	};
	objectVersion = 46;
	objects = {

/* Begin PBXBuildFile section */
		A603A6531E162EB8000E28A0 /* mediaViewController.swift in Sources */ = {isa = PBXBuildFile; fileRef = A603A6521E162EB8000E28A0 /* mediaViewController.swift */; };
		A606BEE21DEEEB3D0094F8B6 /* settingsViewController.swift in Sources */ = {isa = PBXBuildFile; fileRef = A606BEE01DEEEB3D0094F8B6 /* settingsViewController.swift */; };
		A606BEE31DEEEB3D0094F8B6 /* settingsViewController.xib in Resources */ = {isa = PBXBuildFile; fileRef = A606BEE11DEEEB3D0094F8B6 /* settingsViewController.xib */; };
		A611C3D81DE0610800C0C889 /* addNoticeAlarmViewController.swift in Sources */ = {isa = PBXBuildFile; fileRef = A611C3D71DE0610800C0C889 /* addNoticeAlarmViewController.swift */; };
		A612872A1E42051B00EA42C4 /* jcore-ios-1.1.0.a in Frameworks */ = {isa = PBXBuildFile; fileRef = A61287271E42051B00EA42C4 /* jcore-ios-1.1.0.a */; };
		A612872B1E42051B00EA42C4 /* jpush-ios-3.0.1.a in Frameworks */ = {isa = PBXBuildFile; fileRef = A61287281E42051B00EA42C4 /* jpush-ios-3.0.1.a */; };
		A612872D1E42054E00EA42C4 /* CoreFoundation.framework in Frameworks */ = {isa = PBXBuildFile; fileRef = A612872C1E42054E00EA42C4 /* CoreFoundation.framework */; };
		A612872F1E42057500EA42C4 /* UIKit.framework in Frameworks */ = {isa = PBXBuildFile; fileRef = A612872E1E42057500EA42C4 /* UIKit.framework */; };
		A61287311E4205B200EA42C4 /* libresolv.tbd in Frameworks */ = {isa = PBXBuildFile; fileRef = A61287301E4205B200EA42C4 /* libresolv.tbd */; };
		A61685301DCE9AB700210D12 /* aboutUsViewController.swift in Sources */ = {isa = PBXBuildFile; fileRef = A616852E1DCE9AB700210D12 /* aboutUsViewController.swift */; };
		A61685311DCE9AB700210D12 /* aboutUsViewController.xib in Resources */ = {isa = PBXBuildFile; fileRef = A616852F1DCE9AB700210D12 /* aboutUsViewController.xib */; };
		A61A5B451E1753F2005A7077 /* mediaCollectionViewController.swift in Sources */ = {isa = PBXBuildFile; fileRef = A61A5B441E1753F2005A7077 /* mediaCollectionViewController.swift */; };
		A61A5B471E17540E005A7077 /* MediaCellCollectionViewCell.swift in Sources */ = {isa = PBXBuildFile; fileRef = A61A5B461E17540E005A7077 /* MediaCellCollectionViewCell.swift */; };
		A61F45C71DD95E2A00D097E4 /* addViewController.swift in Sources */ = {isa = PBXBuildFile; fileRef = A61F45C51DD95E2A00D097E4 /* addViewController.swift */; };
		A61F45C81DD95E2A00D097E4 /* addViewController.xib in Resources */ = {isa = PBXBuildFile; fileRef = A61F45C61DD95E2A00D097E4 /* addViewController.xib */; };
		A62E06601E077EA000EF93F9 /* LOGO修改2.jpg in Resources */ = {isa = PBXBuildFile; fileRef = A62E065F1E077EA000EF93F9 /* LOGO修改2.jpg */; };
		A62F9E3A1DDD2B7400491D40 /* tixinTableViewController.swift in Sources */ = {isa = PBXBuildFile; fileRef = A62F9E391DDD2B7400491D40 /* tixinTableViewController.swift */; };
		A62F9E3C1DDD2B8200491D40 /* tongziTableViewController.swift in Sources */ = {isa = PBXBuildFile; fileRef = A62F9E3B1DDD2B8200491D40 /* tongziTableViewController.swift */; };
		A63E42131E6117C2005B8D61 /* giftsViewController.swift in Sources */ = {isa = PBXBuildFile; fileRef = A63E42121E6117C2005B8D61 /* giftsViewController.swift */; };
		A64233271DF2DCC00011BD41 /* masterPieceViewController.swift in Sources */ = {isa = PBXBuildFile; fileRef = A64233261DF2DCC00011BD41 /* masterPieceViewController.swift */; };
		A64233291DF2F5AC0011BD41 /* myCellCollectionViewCell.swift in Sources */ = {isa = PBXBuildFile; fileRef = A64233281DF2F5AC0011BD41 /* myCellCollectionViewCell.swift */; };
		A642332B1DF2F9170011BD41 /* myHeadCollectionReusableView.swift in Sources */ = {isa = PBXBuildFile; fileRef = A642332A1DF2F9170011BD41 /* myHeadCollectionReusableView.swift */; };
		A644669A1DD2BFCC008CB465 /* department.plist in Resources */ = {isa = PBXBuildFile; fileRef = A64466991DD2BFCC008CB465 /* department.plist */; };
		A65381FD1E3F20C500612525 /* TextNewsDetailViewController.swift in Sources */ = {isa = PBXBuildFile; fileRef = A65381FB1E3F20C500612525 /* TextNewsDetailViewController.swift */; };
		A65381FE1E3F20C500612525 /* TextNewsDetailViewController.xib in Resources */ = {isa = PBXBuildFile; fileRef = A65381FC1E3F20C500612525 /* TextNewsDetailViewController.xib */; };
		A65382011E3F217200612525 /* imageNewsViewController.swift in Sources */ = {isa = PBXBuildFile; fileRef = A65381FF1E3F217200612525 /* imageNewsViewController.swift */; };
		A65382021E3F217200612525 /* imageNewsViewController.xib in Resources */ = {isa = PBXBuildFile; fileRef = A65382001E3F217200612525 /* imageNewsViewController.xib */; };
		A66E28C01E6AC64A00D1B520 /* ExamPerfaceViewController.swift in Sources */ = {isa = PBXBuildFile; fileRef = A66E28BE1E6AC64A00D1B520 /* ExamPerfaceViewController.swift */; };
		A66E28C11E6AC64A00D1B520 /* ExamPerfaceViewController.xib in Resources */ = {isa = PBXBuildFile; fileRef = A66E28BF1E6AC64A00D1B520 /* ExamPerfaceViewController.xib */; };
		A66E28C41E6ACD9E00D1B520 /* ExamDetailViewController.swift in Sources */ = {isa = PBXBuildFile; fileRef = A66E28C21E6ACD9E00D1B520 /* ExamDetailViewController.swift */; };
		A66E28C51E6ACD9E00D1B520 /* ExamDetailViewController.xib in Resources */ = {isa = PBXBuildFile; fileRef = A66E28C31E6ACD9E00D1B520 /* ExamDetailViewController.xib */; };
		A66E28C71E6AEF0700D1B520 /* answers.plist in Resources */ = {isa = PBXBuildFile; fileRef = A66E28C61E6AEF0700D1B520 /* answers.plist */; };
		A671C2781E618D4800AF7707 /* shoppingcellTableViewCell.swift in Sources */ = {isa = PBXBuildFile; fileRef = A671C2771E618D4800AF7707 /* shoppingcellTableViewCell.swift */; };
		A676569E1E70FA5A00AB9CA9 /* detailContenViewController.swift in Sources */ = {isa = PBXBuildFile; fileRef = A676569C1E70FA5A00AB9CA9 /* detailContenViewController.swift */; };
		A6772BF71DCC4D7700425322 /* AppDelegate.swift in Sources */ = {isa = PBXBuildFile; fileRef = A6772BF61DCC4D7700425322 /* AppDelegate.swift */; };
		A6772BFF1DCC4D7700425322 /* ____.xcdatamodeld in Sources */ = {isa = PBXBuildFile; fileRef = A6772BFD1DCC4D7700425322 /* ____.xcdatamodeld */; };
		A6772C011DCC4D7700425322 /* Assets.xcassets in Resources */ = {isa = PBXBuildFile; fileRef = A6772C001DCC4D7700425322 /* Assets.xcassets */; };
		A6772C041DCC4D7700425322 /* LaunchScreen.storyboard in Resources */ = {isa = PBXBuildFile; fileRef = A6772C021DCC4D7700425322 /* LaunchScreen.storyboard */; };
		A6772C2A1DCC4E3400425322 /* Bmob_iOS_SDK更新历史.txt in Resources */ = {isa = PBXBuildFile; fileRef = A6772C281DCC4E3400425322 /* Bmob_iOS_SDK更新历史.txt */; };
		A6772C2B1DCC4E3400425322 /* Bmob_iOS_SDK更新历史.txt in Resources */ = {isa = PBXBuildFile; fileRef = A6772C281DCC4E3400425322 /* Bmob_iOS_SDK更新历史.txt */; };
		A6772C2C1DCC4E3400425322 /* Bmob_iOS_SDK更新历史.txt in Resources */ = {isa = PBXBuildFile; fileRef = A6772C281DCC4E3400425322 /* Bmob_iOS_SDK更新历史.txt */; };
		A6772C2D1DCC4E3400425322 /* BmobSDK.framework in Frameworks */ = {isa = PBXBuildFile; fileRef = A6772C291DCC4E3400425322 /* BmobSDK.framework */; };
		A6772C341DCC4EA000425322 /* Foundation.framework in Frameworks */ = {isa = PBXBuildFile; fileRef = A6772C331DCC4EA000425322 /* Foundation.framework */; };
		A6772C361DCC4EAA00425322 /* CoreLocation.framework in Frameworks */ = {isa = PBXBuildFile; fileRef = A6772C351DCC4EAA00425322 /* CoreLocation.framework */; };
		A6772C381DCC4EB200425322 /* Security.framework in Frameworks */ = {isa = PBXBuildFile; fileRef = A6772C371DCC4EB200425322 /* Security.framework */; };
		A6772C3A1DCC4EBA00425322 /* CoreGraphics.framework in Frameworks */ = {isa = PBXBuildFile; fileRef = A6772C391DCC4EBA00425322 /* CoreGraphics.framework */; };
		A6772C3C1DCC4EC200425322 /* MobileCoreServices.framework in Frameworks */ = {isa = PBXBuildFile; fileRef = A6772C3B1DCC4EC200425322 /* MobileCoreServices.framework */; };
		A6772C3E1DCC4EC800425322 /* CFNetwork.framework in Frameworks */ = {isa = PBXBuildFile; fileRef = A6772C3D1DCC4EC800425322 /* CFNetwork.framework */; };
		A6772C401DCC4ECF00425322 /* CoreTelephony.framework in Frameworks */ = {isa = PBXBuildFile; fileRef = A6772C3F1DCC4ECF00425322 /* CoreTelephony.framework */; };
		A6772C421DCC4ED700425322 /* SystemConfiguration.framework in Frameworks */ = {isa = PBXBuildFile; fileRef = A6772C411DCC4ED700425322 /* SystemConfiguration.framework */; };
		A6772C441DCC4EDD00425322 /* AVFoundation.framework in Frameworks */ = {isa = PBXBuildFile; fileRef = A6772C431DCC4EDD00425322 /* AVFoundation.framework */; };
		A6772C461DCC4EE400425322 /* MediaPlayer.framework in Frameworks */ = {isa = PBXBuildFile; fileRef = A6772C451DCC4EE400425322 /* MediaPlayer.framework */; };
		A6772C481DCC4EF400425322 /* libz.1.2.5.tbd in Frameworks */ = {isa = PBXBuildFile; fileRef = A6772C471DCC4EF400425322 /* libz.1.2.5.tbd */; };
		A6772C4A1DCC4EFE00425322 /* libicucore.tbd in Frameworks */ = {isa = PBXBuildFile; fileRef = A6772C491DCC4EFE00425322 /* libicucore.tbd */; };
		A6772C4C1DCC4F0700425322 /* libsqlite3.tbd in Frameworks */ = {isa = PBXBuildFile; fileRef = A6772C4B1DCC4F0700425322 /* libsqlite3.tbd */; };
		A6772C611DCC5CF800425322 /* liantixinViewController.swift in Sources */ = {isa = PBXBuildFile; fileRef = A6772C601DCC5CF800425322 /* liantixinViewController.swift */; };
		A6772C691DCC5D2E00425322 /* lianbaikeViewController.swift in Sources */ = {isa = PBXBuildFile; fileRef = A6772C681DCC5D2E00425322 /* lianbaikeViewController.swift */; };
		A6772C7A1DCC5EC800425322 /* userListTableViewController.swift in Sources */ = {isa = PBXBuildFile; fileRef = A6772C781DCC5EC800425322 /* userListTableViewController.swift */; };
		A6772C891DCC700B00425322 /* myTabViewController.swift in Sources */ = {isa = PBXBuildFile; fileRef = A6772C881DCC700B00425322 /* myTabViewController.swift */; };
		A677CA621DD029A7008ECF71 /* signUpViewController.swift in Sources */ = {isa = PBXBuildFile; fileRef = A677CA601DD029A7008ECF71 /* signUpViewController.swift */; };
		A677CA671DD031EC008ECF71 /* logInViewController.swift in Sources */ = {isa = PBXBuildFile; fileRef = A677CA651DD031EC008ECF71 /* logInViewController.swift */; };
		A677CA681DD031EC008ECF71 /* logInViewController.xib in Resources */ = {isa = PBXBuildFile; fileRef = A677CA661DD031EC008ECF71 /* logInViewController.xib */; };
		A677CA6D1DD04AB3008ECF71 /* fogetPwdViewController.swift in Sources */ = {isa = PBXBuildFile; fileRef = A677CA6B1DD04AB3008ECF71 /* fogetPwdViewController.swift */; };
		A67FCCA61E237A0F0013CE50 /* libz.tbd in Frameworks */ = {isa = PBXBuildFile; fileRef = A67FCCA51E237A0F0013CE50 /* libz.tbd */; };
		A67FCCA81E237A180013CE50 /* libc++.tbd in Frameworks */ = {isa = PBXBuildFile; fileRef = A67FCCA71E237A180013CE50 /* libc++.tbd */; };
		A67FCCAC1E237A660013CE50 /* UserNotifications.framework in Frameworks */ = {isa = PBXBuildFile; fileRef = A67FCCAB1E237A660013CE50 /* UserNotifications.framework */; };
		A6996D6F1DD5E06800C5E1A1 /* resultViewController.swift in Sources */ = {isa = PBXBuildFile; fileRef = A6996D6D1DD5E06800C5E1A1 /* resultViewController.swift */; };
		A6996D701DD5E06800C5E1A1 /* resultViewController.xib in Resources */ = {isa = PBXBuildFile; fileRef = A6996D6E1DD5E06800C5E1A1 /* resultViewController.xib */; };
		A699CA821E405B880096DF3A /* VedioNewsViewController.swift in Sources */ = {isa = PBXBuildFile; fileRef = A699CA811E405B880096DF3A /* VedioNewsViewController.swift */; };
		A69A90181E6FA58A00EB6F0B /* contributionInfoViewController.xib in Resources */ = {isa = PBXBuildFile; fileRef = A69A90161E6FA58A00EB6F0B /* contributionInfoViewController.xib */; };
		A69A90191E6FA58A00EB6F0B /* contributionInfoViewController.swift in Sources */ = {isa = PBXBuildFile; fileRef = A69A90171E6FA58A00EB6F0B /* contributionInfoViewController.swift */; };
		A6AC8B9D1E62DB1D00D1A748 /* CardCellCollectionViewCell.swift in Sources */ = {isa = PBXBuildFile; fileRef = A6AC8B9B1E62DB1D00D1A748 /* CardCellCollectionViewCell.swift */; };
		A6AC8B9E1E62DB1D00D1A748 /* CardCellCollectionViewCell.xib in Resources */ = {isa = PBXBuildFile; fileRef = A6AC8B9C1E62DB1D00D1A748 /* CardCellCollectionViewCell.xib */; };
		A6AC8BA01E62E14200D1A748 /* CardLayout.swift in Sources */ = {isa = PBXBuildFile; fileRef = A6AC8B9F1E62E14200D1A748 /* CardLayout.swift */; };
		A6AC8BA21E62E1DF00D1A748 /* CardCollectionViewController.swift in Sources */ = {isa = PBXBuildFile; fileRef = A6AC8BA11E62E1DF00D1A748 /* CardCollectionViewController.swift */; };
		A6B08A451DDD9B87009E66C6 /* tixindetailViewController.swift in Sources */ = {isa = PBXBuildFile; fileRef = A6B08A431DDD9B87009E66C6 /* tixindetailViewController.swift */; };
		A6B08A461DDD9B87009E66C6 /* tixindetailViewController.xib in Resources */ = {isa = PBXBuildFile; fileRef = A6B08A441DDD9B87009E66C6 /* tixindetailViewController.xib */; };
		A6B2FB641E3B9A2000F46FB5 /* Kingfisher.framework in Frameworks */ = {isa = PBXBuildFile; fileRef = A6B2FB611E3B985800F46FB5 /* Kingfisher.framework */; };
		A6B7BCDF1DF17D4F001ACD10 /* alarmdays.plist in Resources */ = {isa = PBXBuildFile; fileRef = A6B7BCDE1DF17D4F001ACD10 /* alarmdays.plist */; };
		A6B7BCE81DF1ACBD001ACD10 /* adminDirTableViewController.swift in Sources */ = {isa = PBXBuildFile; fileRef = A6B7BCE71DF1ACBD001ACD10 /* adminDirTableViewController.swift */; };
		A6BF68771E3A0F62005269E9 /* DongTaiViewController.swift in Sources */ = {isa = PBXBuildFile; fileRef = A6BF68761E3A0F62005269E9 /* DongTaiViewController.swift */; };
		A6BFFE7E1DD84A00004A781F /* baikeDirTableViewController.swift in Sources */ = {isa = PBXBuildFile; fileRef = A6BFFE7C1DD84A00004A781F /* baikeDirTableViewController.swift */; };
		A6D17AB81E0E033900071C84 /* reportViewController.swift in Sources */ = {isa = PBXBuildFile; fileRef = A6D17AB71E0E033900071C84 /* reportViewController.swift */; };
		A6D17ABA1E0E05A800071C84 /* writeMailViewController.swift in Sources */ = {isa = PBXBuildFile; fileRef = A6D17AB91E0E05A800071C84 /* writeMailViewController.swift */; };
		A6D17ABC1E0E0E1500071C84 /* MailBoxTableViewController.swift in Sources */ = {isa = PBXBuildFile; fileRef = A6D17ABB1E0E0E1500071C84 /* MailBoxTableViewController.swift */; };
		A6D17ABE1E0E0E2300071C84 /* SendBoxTableViewController.swift in Sources */ = {isa = PBXBuildFile; fileRef = A6D17ABD1E0E0E2300071C84 /* SendBoxTableViewController.swift */; };
		A6D17AC11E0E1B7B00071C84 /* DetailSendContentViewController.swift in Sources */ = {isa = PBXBuildFile; fileRef = A6D17ABF1E0E1B7B00071C84 /* DetailSendContentViewController.swift */; };
		A6D17AC21E0E1B7B00071C84 /* DetailSendContentViewController.xib in Resources */ = {isa = PBXBuildFile; fileRef = A6D17AC01E0E1B7B00071C84 /* DetailSendContentViewController.xib */; };
		A6D17AC51E0E1B9300071C84 /* DetailReplyContentViewController.swift in Sources */ = {isa = PBXBuildFile; fileRef = A6D17AC31E0E1B9300071C84 /* DetailReplyContentViewController.swift */; };
		A6D17AC61E0E1B9300071C84 /* DetailReplyContentViewController.xib in Resources */ = {isa = PBXBuildFile; fileRef = A6D17AC41E0E1B9300071C84 /* DetailReplyContentViewController.xib */; };
		A6D91DB31DF91DB4008BE1FD /* pageDetailViewController.swift in Sources */ = {isa = PBXBuildFile; fileRef = A6D91DB21DF91DB4008BE1FD /* pageDetailViewController.swift */; };
		A6DF60371DFA4FBF003AED3C /* Icon-60@2x.png in Resources */ = {isa = PBXBuildFile; fileRef = A6DF60361DFA4FBF003AED3C /* Icon-60@2x.png */; };
		A6DF60391DFA5062003AED3C /* Icon-60@3x.png in Resources */ = {isa = PBXBuildFile; fileRef = A6DF60381DFA5062003AED3C /* Icon-60@3x.png */; };
		A6DF603B1DFA50E8003AED3C /* Icon-57.png in Resources */ = {isa = PBXBuildFile; fileRef = A6DF603A1DFA50E8003AED3C /* Icon-57.png */; };
		A6E825C71E73DD7300DC303F /* MediaPerfaceCollectionViewController.swift in Sources */ = {isa = PBXBuildFile; fileRef = A6E825C61E73DD7300DC303F /* MediaPerfaceCollectionViewController.swift */; };
		A6E825C91E73DD9100DC303F /* MediaPerfaceCellCollectionViewCell.swift in Sources */ = {isa = PBXBuildFile; fileRef = A6E825C81E73DD9100DC303F /* MediaPerfaceCellCollectionViewCell.swift */; };
		A6E8B4AA1DD196AD0093F597 /* userInfoChangeViewController.swift in Sources */ = {isa = PBXBuildFile; fileRef = A6E8B4A81DD196AD0093F597 /* userInfoChangeViewController.swift */; };
		A6E8B4AB1DD196AD0093F597 /* userInfoChangeViewController.xib in Resources */ = {isa = PBXBuildFile; fileRef = A6E8B4A91DD196AD0093F597 /* userInfoChangeViewController.xib */; };
		A6EC66201DDE7DF700D71B0A /* noticedetailViewController.swift in Sources */ = {isa = PBXBuildFile; fileRef = A6EC661E1DDE7DF700D71B0A /* noticedetailViewController.swift */; };
		A6EC66211DDE7DF700D71B0A /* noticedetailViewController.xib in Resources */ = {isa = PBXBuildFile; fileRef = A6EC661F1DDE7DF700D71B0A /* noticedetailViewController.xib */; };
		A6F037AD1DF246CB007E1A2B /* adminDetailViewController.swift in Sources */ = {isa = PBXBuildFile; fileRef = A6F037AB1DF246CB007E1A2B /* adminDetailViewController.swift */; };
		A6F037AE1DF246CB007E1A2B /* adminDetailViewController.xib in Resources */ = {isa = PBXBuildFile; fileRef = A6F037AC1DF246CB007E1A2B /* adminDetailViewController.xib */; };
		A6F27AD11E3A423600E9C3A6 /* ImageTableViewCell.swift in Sources */ = {isa = PBXBuildFile; fileRef = A6F27ACF1E3A423600E9C3A6 /* ImageTableViewCell.swift */; };
		A6F27AD21E3A423600E9C3A6 /* ImageTableViewCell.xib in Resources */ = {isa = PBXBuildFile; fileRef = A6F27AD01E3A423600E9C3A6 /* ImageTableViewCell.xib */; };
		A6F27AD51E3A424A00E9C3A6 /* VedioTableViewCell.swift in Sources */ = {isa = PBXBuildFile; fileRef = A6F27AD31E3A424A00E9C3A6 /* VedioTableViewCell.swift */; };
		A6F27AD61E3A424A00E9C3A6 /* VedioTableViewCell.xib in Resources */ = {isa = PBXBuildFile; fileRef = A6F27AD41E3A424A00E9C3A6 /* VedioTableViewCell.xib */; };
		A6F27AD91E3A425500E9C3A6 /* TextTableViewCell.swift in Sources */ = {isa = PBXBuildFile; fileRef = A6F27AD71E3A425500E9C3A6 /* TextTableViewCell.swift */; };
		A6F27ADA1E3A425500E9C3A6 /* TextTableViewCell.xib in Resources */ = {isa = PBXBuildFile; fileRef = A6F27AD81E3A425500E9C3A6 /* TextTableViewCell.xib */; };
		A6F7BF8D1DCD6DF700402147 /* SWRevealViewController.m in Sources */ = {isa = PBXBuildFile; fileRef = A6F7BF8C1DCD6DF700402147 /* SWRevealViewController.m */; };
		A6F7BF8E1DCD6DF700402147 /* SWRevealViewController.m in Sources */ = {isa = PBXBuildFile; fileRef = A6F7BF8C1DCD6DF700402147 /* SWRevealViewController.m */; };
		A6F7BF8F1DCD6DF700402147 /* SWRevealViewController.m in Sources */ = {isa = PBXBuildFile; fileRef = A6F7BF8C1DCD6DF700402147 /* SWRevealViewController.m */; };
		A6F7BF911DCD72BC00402147 /* Main.storyboard in Resources */ = {isa = PBXBuildFile; fileRef = A6F7BF901DCD72BC00402147 /* Main.storyboard */; };
		A6F7BF921DCD72BC00402147 /* Main.storyboard in Resources */ = {isa = PBXBuildFile; fileRef = A6F7BF901DCD72BC00402147 /* Main.storyboard */; };
		A6F7BF931DCD72BC00402147 /* Main.storyboard in Resources */ = {isa = PBXBuildFile; fileRef = A6F7BF901DCD72BC00402147 /* Main.storyboard */; };
		A6FE92001DD44927008CA618 /* answerViewController.swift in Sources */ = {isa = PBXBuildFile; fileRef = A6FE91FE1DD44927008CA618 /* answerViewController.swift */; };
		A6FE92011DD44927008CA618 /* answerViewController.xib in Resources */ = {isa = PBXBuildFile; fileRef = A6FE91FF1DD44927008CA618 /* answerViewController.xib */; };
/* End PBXBuildFile section */

/* Begin PBXContainerItemProxy section */
		A6772C0B1DCC4D7700425322 /* PBXContainerItemProxy */ = {
			isa = PBXContainerItemProxy;
			containerPortal = A6772BEB1DCC4D7700425322 /* Project object */;
			proxyType = 1;
			remoteGlobalIDString = A6772BF21DCC4D7700425322;
			remoteInfo = "廉兴连心";
		};
		A6772C161DCC4D7700425322 /* PBXContainerItemProxy */ = {
			isa = PBXContainerItemProxy;
			containerPortal = A6772BEB1DCC4D7700425322 /* Project object */;
			proxyType = 1;
			remoteGlobalIDString = A6772BF21DCC4D7700425322;
			remoteInfo = "廉兴连心";
		};
/* End PBXContainerItemProxy section */

/* Begin PBXFileReference section */
		A60009E51E1E0A1600357251 /* 廉兴连心.entitlements */ = {isa = PBXFileReference; lastKnownFileType = text.plist.entitlements; path = "廉兴连心.entitlements"; sourceTree = "<group>"; };
		A603A6521E162EB8000E28A0 /* mediaViewController.swift */ = {isa = PBXFileReference; fileEncoding = 4; lastKnownFileType = sourcecode.swift; path = mediaViewController.swift; sourceTree = "<group>"; };
		A606BEE01DEEEB3D0094F8B6 /* settingsViewController.swift */ = {isa = PBXFileReference; fileEncoding = 4; lastKnownFileType = sourcecode.swift; path = settingsViewController.swift; sourceTree = "<group>"; };
		A606BEE11DEEEB3D0094F8B6 /* settingsViewController.xib */ = {isa = PBXFileReference; fileEncoding = 4; lastKnownFileType = file.xib; path = settingsViewController.xib; sourceTree = "<group>"; };
		A611C3D71DE0610800C0C889 /* addNoticeAlarmViewController.swift */ = {isa = PBXFileReference; fileEncoding = 4; lastKnownFileType = sourcecode.swift; path = addNoticeAlarmViewController.swift; sourceTree = "<group>"; };
		A61287271E42051B00EA42C4 /* jcore-ios-1.1.0.a */ = {isa = PBXFileReference; lastKnownFileType = archive.ar; path = "jcore-ios-1.1.0.a"; sourceTree = "<group>"; };
		A61287281E42051B00EA42C4 /* jpush-ios-3.0.1.a */ = {isa = PBXFileReference; lastKnownFileType = archive.ar; path = "jpush-ios-3.0.1.a"; sourceTree = "<group>"; };
		A61287291E42051B00EA42C4 /* JPUSHService.h */ = {isa = PBXFileReference; fileEncoding = 4; lastKnownFileType = sourcecode.c.h; path = JPUSHService.h; sourceTree = "<group>"; };
		A612872C1E42054E00EA42C4 /* CoreFoundation.framework */ = {isa = PBXFileReference; lastKnownFileType = wrapper.framework; name = CoreFoundation.framework; path = System/Library/Frameworks/CoreFoundation.framework; sourceTree = SDKROOT; };
		A612872E1E42057500EA42C4 /* UIKit.framework */ = {isa = PBXFileReference; lastKnownFileType = wrapper.framework; name = UIKit.framework; path = System/Library/Frameworks/UIKit.framework; sourceTree = SDKROOT; };
		A61287301E4205B200EA42C4 /* libresolv.tbd */ = {isa = PBXFileReference; lastKnownFileType = "sourcecode.text-based-dylib-definition"; name = libresolv.tbd; path = usr/lib/libresolv.tbd; sourceTree = SDKROOT; };
		A616852E1DCE9AB700210D12 /* aboutUsViewController.swift */ = {isa = PBXFileReference; fileEncoding = 4; lastKnownFileType = sourcecode.swift; path = aboutUsViewController.swift; sourceTree = "<group>"; };
		A616852F1DCE9AB700210D12 /* aboutUsViewController.xib */ = {isa = PBXFileReference; fileEncoding = 4; lastKnownFileType = file.xib; path = aboutUsViewController.xib; sourceTree = "<group>"; };
		A61A5B441E1753F2005A7077 /* mediaCollectionViewController.swift */ = {isa = PBXFileReference; fileEncoding = 4; lastKnownFileType = sourcecode.swift; path = mediaCollectionViewController.swift; sourceTree = "<group>"; };
		A61A5B461E17540E005A7077 /* MediaCellCollectionViewCell.swift */ = {isa = PBXFileReference; fileEncoding = 4; lastKnownFileType = sourcecode.swift; path = MediaCellCollectionViewCell.swift; sourceTree = "<group>"; };
		A61F45C51DD95E2A00D097E4 /* addViewController.swift */ = {isa = PBXFileReference; fileEncoding = 4; lastKnownFileType = sourcecode.swift; path = addViewController.swift; sourceTree = "<group>"; };
		A61F45C61DD95E2A00D097E4 /* addViewController.xib */ = {isa = PBXFileReference; fileEncoding = 4; lastKnownFileType = file.xib; path = addViewController.xib; sourceTree = "<group>"; };
		A62E065F1E077EA000EF93F9 /* LOGO修改2.jpg */ = {isa = PBXFileReference; lastKnownFileType = image.jpeg; path = "LOGO修改2.jpg"; sourceTree = "<group>"; };
		A62F9E391DDD2B7400491D40 /* tixinTableViewController.swift */ = {isa = PBXFileReference; fileEncoding = 4; lastKnownFileType = sourcecode.swift; path = tixinTableViewController.swift; sourceTree = "<group>"; };
		A62F9E3B1DDD2B8200491D40 /* tongziTableViewController.swift */ = {isa = PBXFileReference; fileEncoding = 4; lastKnownFileType = sourcecode.swift; path = tongziTableViewController.swift; sourceTree = "<group>"; };
		A63E42121E6117C2005B8D61 /* giftsViewController.swift */ = {isa = PBXFileReference; fileEncoding = 4; lastKnownFileType = sourcecode.swift; path = giftsViewController.swift; sourceTree = "<group>"; };
		A64233261DF2DCC00011BD41 /* masterPieceViewController.swift */ = {isa = PBXFileReference; fileEncoding = 4; lastKnownFileType = sourcecode.swift; path = masterPieceViewController.swift; sourceTree = "<group>"; };
		A64233281DF2F5AC0011BD41 /* myCellCollectionViewCell.swift */ = {isa = PBXFileReference; fileEncoding = 4; lastKnownFileType = sourcecode.swift; path = myCellCollectionViewCell.swift; sourceTree = "<group>"; };
		A642332A1DF2F9170011BD41 /* myHeadCollectionReusableView.swift */ = {isa = PBXFileReference; fileEncoding = 4; lastKnownFileType = sourcecode.swift; path = myHeadCollectionReusableView.swift; sourceTree = "<group>"; };
		A64466991DD2BFCC008CB465 /* department.plist */ = {isa = PBXFileReference; fileEncoding = 4; lastKnownFileType = text.plist.xml; path = department.plist; sourceTree = "<group>"; };
		A65381FB1E3F20C500612525 /* TextNewsDetailViewController.swift */ = {isa = PBXFileReference; fileEncoding = 4; lastKnownFileType = sourcecode.swift; path = TextNewsDetailViewController.swift; sourceTree = "<group>"; };
		A65381FC1E3F20C500612525 /* TextNewsDetailViewController.xib */ = {isa = PBXFileReference; fileEncoding = 4; lastKnownFileType = file.xib; path = TextNewsDetailViewController.xib; sourceTree = "<group>"; };
		A65381FF1E3F217200612525 /* imageNewsViewController.swift */ = {isa = PBXFileReference; fileEncoding = 4; lastKnownFileType = sourcecode.swift; path = imageNewsViewController.swift; sourceTree = "<group>"; };
		A65382001E3F217200612525 /* imageNewsViewController.xib */ = {isa = PBXFileReference; fileEncoding = 4; lastKnownFileType = file.xib; path = imageNewsViewController.xib; sourceTree = "<group>"; };
		A66E28BE1E6AC64A00D1B520 /* ExamPerfaceViewController.swift */ = {isa = PBXFileReference; fileEncoding = 4; lastKnownFileType = sourcecode.swift; path = ExamPerfaceViewController.swift; sourceTree = "<group>"; };
		A66E28BF1E6AC64A00D1B520 /* ExamPerfaceViewController.xib */ = {isa = PBXFileReference; fileEncoding = 4; lastKnownFileType = file.xib; path = ExamPerfaceViewController.xib; sourceTree = "<group>"; };
		A66E28C21E6ACD9E00D1B520 /* ExamDetailViewController.swift */ = {isa = PBXFileReference; fileEncoding = 4; lastKnownFileType = sourcecode.swift; path = ExamDetailViewController.swift; sourceTree = "<group>"; };
		A66E28C31E6ACD9E00D1B520 /* ExamDetailViewController.xib */ = {isa = PBXFileReference; fileEncoding = 4; lastKnownFileType = file.xib; path = ExamDetailViewController.xib; sourceTree = "<group>"; };
		A66E28C61E6AEF0700D1B520 /* answers.plist */ = {isa = PBXFileReference; fileEncoding = 4; lastKnownFileType = text.plist.xml; path = answers.plist; sourceTree = "<group>"; };
		A671C2771E618D4800AF7707 /* shoppingcellTableViewCell.swift */ = {isa = PBXFileReference; fileEncoding = 4; lastKnownFileType = sourcecode.swift; path = shoppingcellTableViewCell.swift; sourceTree = "<group>"; };
		A676569C1E70FA5A00AB9CA9 /* detailContenViewController.swift */ = {isa = PBXFileReference; fileEncoding = 4; lastKnownFileType = sourcecode.swift; path = detailContenViewController.swift; sourceTree = "<group>"; };
		A6772BF31DCC4D7700425322 /* 廉兴连心.app */ = {isa = PBXFileReference; explicitFileType = wrapper.application; includeInIndex = 0; path = "廉兴连心.app"; sourceTree = BUILT_PRODUCTS_DIR; };
		A6772BF61DCC4D7700425322 /* AppDelegate.swift */ = {isa = PBXFileReference; lastKnownFileType = sourcecode.swift; path = AppDelegate.swift; sourceTree = "<group>"; };
		A6772BFE1DCC4D7700425322 /* ____.xcdatamodel */ = {isa = PBXFileReference; lastKnownFileType = wrapper.xcdatamodel; path = "____.xcdatamodel"; sourceTree = "<group>"; };
		A6772C001DCC4D7700425322 /* Assets.xcassets */ = {isa = PBXFileReference; lastKnownFileType = folder.assetcatalog; path = Assets.xcassets; sourceTree = "<group>"; };
		A6772C031DCC4D7700425322 /* Base */ = {isa = PBXFileReference; lastKnownFileType = file.storyboard; name = Base; path = Base.lproj/LaunchScreen.storyboard; sourceTree = "<group>"; };
		A6772C051DCC4D7700425322 /* Info.plist */ = {isa = PBXFileReference; lastKnownFileType = text.plist.xml; path = Info.plist; sourceTree = "<group>"; };
		A6772C0A1DCC4D7700425322 /* 廉兴连心Tests.xctest */ = {isa = PBXFileReference; explicitFileType = wrapper.cfbundle; includeInIndex = 0; path = "廉兴连心Tests.xctest"; sourceTree = BUILT_PRODUCTS_DIR; };
		A6772C151DCC4D7700425322 /* 廉兴连心UITests.xctest */ = {isa = PBXFileReference; explicitFileType = wrapper.cfbundle; includeInIndex = 0; path = "廉兴连心UITests.xctest"; sourceTree = BUILT_PRODUCTS_DIR; };
		A6772C281DCC4E3400425322 /* Bmob_iOS_SDK更新历史.txt */ = {isa = PBXFileReference; fileEncoding = 4; lastKnownFileType = text; path = "Bmob_iOS_SDK更新历史.txt"; sourceTree = "<group>"; };
		A6772C291DCC4E3400425322 /* BmobSDK.framework */ = {isa = PBXFileReference; lastKnownFileType = wrapper.framework; path = BmobSDK.framework; sourceTree = "<group>"; };
		A6772C311DCC4E4C00425322 /* zh-Hans */ = {isa = PBXFileReference; lastKnownFileType = text.plist.strings; name = "zh-Hans"; path = "zh-Hans.lproj/LaunchScreen.strings"; sourceTree = "<group>"; };
		A6772C331DCC4EA000425322 /* Foundation.framework */ = {isa = PBXFileReference; lastKnownFileType = wrapper.framework; name = Foundation.framework; path = System/Library/Frameworks/Foundation.framework; sourceTree = SDKROOT; };
		A6772C351DCC4EAA00425322 /* CoreLocation.framework */ = {isa = PBXFileReference; lastKnownFileType = wrapper.framework; name = CoreLocation.framework; path = System/Library/Frameworks/CoreLocation.framework; sourceTree = SDKROOT; };
		A6772C371DCC4EB200425322 /* Security.framework */ = {isa = PBXFileReference; lastKnownFileType = wrapper.framework; name = Security.framework; path = System/Library/Frameworks/Security.framework; sourceTree = SDKROOT; };
		A6772C391DCC4EBA00425322 /* CoreGraphics.framework */ = {isa = PBXFileReference; lastKnownFileType = wrapper.framework; name = CoreGraphics.framework; path = System/Library/Frameworks/CoreGraphics.framework; sourceTree = SDKROOT; };
		A6772C3B1DCC4EC200425322 /* MobileCoreServices.framework */ = {isa = PBXFileReference; lastKnownFileType = wrapper.framework; name = MobileCoreServices.framework; path = System/Library/Frameworks/MobileCoreServices.framework; sourceTree = SDKROOT; };
		A6772C3D1DCC4EC800425322 /* CFNetwork.framework */ = {isa = PBXFileReference; lastKnownFileType = wrapper.framework; name = CFNetwork.framework; path = System/Library/Frameworks/CFNetwork.framework; sourceTree = SDKROOT; };
		A6772C3F1DCC4ECF00425322 /* CoreTelephony.framework */ = {isa = PBXFileReference; lastKnownFileType = wrapper.framework; name = CoreTelephony.framework; path = System/Library/Frameworks/CoreTelephony.framework; sourceTree = SDKROOT; };
		A6772C411DCC4ED700425322 /* SystemConfiguration.framework */ = {isa = PBXFileReference; lastKnownFileType = wrapper.framework; name = SystemConfiguration.framework; path = System/Library/Frameworks/SystemConfiguration.framework; sourceTree = SDKROOT; };
		A6772C431DCC4EDD00425322 /* AVFoundation.framework */ = {isa = PBXFileReference; lastKnownFileType = wrapper.framework; name = AVFoundation.framework; path = System/Library/Frameworks/AVFoundation.framework; sourceTree = SDKROOT; };
		A6772C451DCC4EE400425322 /* MediaPlayer.framework */ = {isa = PBXFileReference; lastKnownFileType = wrapper.framework; name = MediaPlayer.framework; path = System/Library/Frameworks/MediaPlayer.framework; sourceTree = SDKROOT; };
		A6772C471DCC4EF400425322 /* libz.1.2.5.tbd */ = {isa = PBXFileReference; lastKnownFileType = "sourcecode.text-based-dylib-definition"; name = libz.1.2.5.tbd; path = usr/lib/libz.1.2.5.tbd; sourceTree = SDKROOT; };
		A6772C491DCC4EFE00425322 /* libicucore.tbd */ = {isa = PBXFileReference; lastKnownFileType = "sourcecode.text-based-dylib-definition"; name = libicucore.tbd; path = usr/lib/libicucore.tbd; sourceTree = SDKROOT; };
		A6772C4B1DCC4F0700425322 /* libsqlite3.tbd */ = {isa = PBXFileReference; lastKnownFileType = "sourcecode.text-based-dylib-definition"; name = libsqlite3.tbd; path = usr/lib/libsqlite3.tbd; sourceTree = SDKROOT; };
		A6772C4E1DCC4F1C00425322 /* 廉兴连心Tests-Bridging-Header.h */ = {isa = PBXFileReference; lastKnownFileType = sourcecode.c.h; path = "廉兴连心Tests-Bridging-Header.h"; sourceTree = "<group>"; };
		A6772C4F1DCC4F1C00425322 /* 廉兴连心UITests-Bridging-Header.h */ = {isa = PBXFileReference; lastKnownFileType = sourcecode.c.h; path = "廉兴连心UITests-Bridging-Header.h"; sourceTree = "<group>"; };
		A6772C601DCC5CF800425322 /* liantixinViewController.swift */ = {isa = PBXFileReference; fileEncoding = 4; lastKnownFileType = sourcecode.swift; path = liantixinViewController.swift; sourceTree = "<group>"; };
		A6772C681DCC5D2E00425322 /* lianbaikeViewController.swift */ = {isa = PBXFileReference; fileEncoding = 4; lastKnownFileType = sourcecode.swift; path = lianbaikeViewController.swift; sourceTree = "<group>"; };
		A6772C781DCC5EC800425322 /* userListTableViewController.swift */ = {isa = PBXFileReference; fileEncoding = 4; lastKnownFileType = sourcecode.swift; path = userListTableViewController.swift; sourceTree = "<group>"; };
		A6772C881DCC700B00425322 /* myTabViewController.swift */ = {isa = PBXFileReference; fileEncoding = 4; lastKnownFileType = sourcecode.swift; path = myTabViewController.swift; sourceTree = "<group>"; };
		A677CA601DD029A7008ECF71 /* signUpViewController.swift */ = {isa = PBXFileReference; fileEncoding = 4; lastKnownFileType = sourcecode.swift; path = signUpViewController.swift; sourceTree = "<group>"; };
		A677CA651DD031EC008ECF71 /* logInViewController.swift */ = {isa = PBXFileReference; fileEncoding = 4; lastKnownFileType = sourcecode.swift; path = logInViewController.swift; sourceTree = "<group>"; };
		A677CA661DD031EC008ECF71 /* logInViewController.xib */ = {isa = PBXFileReference; fileEncoding = 4; lastKnownFileType = file.xib; path = logInViewController.xib; sourceTree = "<group>"; };
		A677CA6B1DD04AB3008ECF71 /* fogetPwdViewController.swift */ = {isa = PBXFileReference; fileEncoding = 4; lastKnownFileType = sourcecode.swift; path = fogetPwdViewController.swift; sourceTree = "<group>"; };
		A67FCCA51E237A0F0013CE50 /* libz.tbd */ = {isa = PBXFileReference; lastKnownFileType = "sourcecode.text-based-dylib-definition"; name = libz.tbd; path = usr/lib/libz.tbd; sourceTree = SDKROOT; };
		A67FCCA71E237A180013CE50 /* libc++.tbd */ = {isa = PBXFileReference; lastKnownFileType = "sourcecode.text-based-dylib-definition"; name = "libc++.tbd"; path = "usr/lib/libc++.tbd"; sourceTree = SDKROOT; };
		A67FCCA91E237A530013CE50 /* JavaScriptCore.framework */ = {isa = PBXFileReference; lastKnownFileType = wrapper.framework; name = JavaScriptCore.framework; path = System/Library/Frameworks/JavaScriptCore.framework; sourceTree = SDKROOT; };
		A67FCCAB1E237A660013CE50 /* UserNotifications.framework */ = {isa = PBXFileReference; lastKnownFileType = wrapper.framework; name = UserNotifications.framework; path = System/Library/Frameworks/UserNotifications.framework; sourceTree = SDKROOT; };
		A6996D6D1DD5E06800C5E1A1 /* resultViewController.swift */ = {isa = PBXFileReference; fileEncoding = 4; lastKnownFileType = sourcecode.swift; path = resultViewController.swift; sourceTree = "<group>"; };
		A6996D6E1DD5E06800C5E1A1 /* resultViewController.xib */ = {isa = PBXFileReference; fileEncoding = 4; lastKnownFileType = file.xib; path = resultViewController.xib; sourceTree = "<group>"; };
		A699CA811E405B880096DF3A /* VedioNewsViewController.swift */ = {isa = PBXFileReference; fileEncoding = 4; lastKnownFileType = sourcecode.swift; path = VedioNewsViewController.swift; sourceTree = "<group>"; };
		A69A90161E6FA58A00EB6F0B /* contributionInfoViewController.xib */ = {isa = PBXFileReference; fileEncoding = 4; lastKnownFileType = file.xib; path = contributionInfoViewController.xib; sourceTree = "<group>"; };
		A69A90171E6FA58A00EB6F0B /* contributionInfoViewController.swift */ = {isa = PBXFileReference; fileEncoding = 4; lastKnownFileType = sourcecode.swift; path = contributionInfoViewController.swift; sourceTree = "<group>"; };
		A6AC8B9B1E62DB1D00D1A748 /* CardCellCollectionViewCell.swift */ = {isa = PBXFileReference; fileEncoding = 4; lastKnownFileType = sourcecode.swift; path = CardCellCollectionViewCell.swift; sourceTree = "<group>"; };
		A6AC8B9C1E62DB1D00D1A748 /* CardCellCollectionViewCell.xib */ = {isa = PBXFileReference; fileEncoding = 4; lastKnownFileType = file.xib; path = CardCellCollectionViewCell.xib; sourceTree = "<group>"; };
		A6AC8B9F1E62E14200D1A748 /* CardLayout.swift */ = {isa = PBXFileReference; fileEncoding = 4; lastKnownFileType = sourcecode.swift; path = CardLayout.swift; sourceTree = "<group>"; };
		A6AC8BA11E62E1DF00D1A748 /* CardCollectionViewController.swift */ = {isa = PBXFileReference; fileEncoding = 4; lastKnownFileType = sourcecode.swift; path = CardCollectionViewController.swift; sourceTree = "<group>"; };
		A6B08A431DDD9B87009E66C6 /* tixindetailViewController.swift */ = {isa = PBXFileReference; fileEncoding = 4; lastKnownFileType = sourcecode.swift; path = tixindetailViewController.swift; sourceTree = "<group>"; };
		A6B08A441DDD9B87009E66C6 /* tixindetailViewController.xib */ = {isa = PBXFileReference; fileEncoding = 4; lastKnownFileType = file.xib; path = tixindetailViewController.xib; sourceTree = "<group>"; };
		A6B2FB611E3B985800F46FB5 /* Kingfisher.framework */ = {isa = PBXFileReference; lastKnownFileType = wrapper.framework; name = Kingfisher.framework; path = Carthage/Build/iOS/Kingfisher.framework; sourceTree = "<group>"; };
		A6B7BCDE1DF17D4F001ACD10 /* alarmdays.plist */ = {isa = PBXFileReference; fileEncoding = 4; lastKnownFileType = text.plist.xml; path = alarmdays.plist; sourceTree = "<group>"; };
		A6B7BCE71DF1ACBD001ACD10 /* adminDirTableViewController.swift */ = {isa = PBXFileReference; fileEncoding = 4; lastKnownFileType = sourcecode.swift; path = adminDirTableViewController.swift; sourceTree = "<group>"; };
		A6BF68761E3A0F62005269E9 /* DongTaiViewController.swift */ = {isa = PBXFileReference; fileEncoding = 4; lastKnownFileType = sourcecode.swift; path = DongTaiViewController.swift; sourceTree = "<group>"; };
		A6BFFE7C1DD84A00004A781F /* baikeDirTableViewController.swift */ = {isa = PBXFileReference; fileEncoding = 4; lastKnownFileType = sourcecode.swift; path = baikeDirTableViewController.swift; sourceTree = "<group>"; };
		A6D17AB71E0E033900071C84 /* reportViewController.swift */ = {isa = PBXFileReference; fileEncoding = 4; lastKnownFileType = sourcecode.swift; path = reportViewController.swift; sourceTree = "<group>"; };
		A6D17AB91E0E05A800071C84 /* writeMailViewController.swift */ = {isa = PBXFileReference; fileEncoding = 4; lastKnownFileType = sourcecode.swift; path = writeMailViewController.swift; sourceTree = "<group>"; };
		A6D17ABB1E0E0E1500071C84 /* MailBoxTableViewController.swift */ = {isa = PBXFileReference; fileEncoding = 4; lastKnownFileType = sourcecode.swift; path = MailBoxTableViewController.swift; sourceTree = "<group>"; };
		A6D17ABD1E0E0E2300071C84 /* SendBoxTableViewController.swift */ = {isa = PBXFileReference; fileEncoding = 4; lastKnownFileType = sourcecode.swift; path = SendBoxTableViewController.swift; sourceTree = "<group>"; };
		A6D17ABF1E0E1B7B00071C84 /* DetailSendContentViewController.swift */ = {isa = PBXFileReference; fileEncoding = 4; lastKnownFileType = sourcecode.swift; path = DetailSendContentViewController.swift; sourceTree = "<group>"; };
		A6D17AC01E0E1B7B00071C84 /* DetailSendContentViewController.xib */ = {isa = PBXFileReference; fileEncoding = 4; lastKnownFileType = file.xib; path = DetailSendContentViewController.xib; sourceTree = "<group>"; };
		A6D17AC31E0E1B9300071C84 /* DetailReplyContentViewController.swift */ = {isa = PBXFileReference; fileEncoding = 4; lastKnownFileType = sourcecode.swift; path = DetailReplyContentViewController.swift; sourceTree = "<group>"; };
		A6D17AC41E0E1B9300071C84 /* DetailReplyContentViewController.xib */ = {isa = PBXFileReference; fileEncoding = 4; lastKnownFileType = file.xib; path = DetailReplyContentViewController.xib; sourceTree = "<group>"; };
		A6D91DB21DF91DB4008BE1FD /* pageDetailViewController.swift */ = {isa = PBXFileReference; fileEncoding = 4; lastKnownFileType = sourcecode.swift; path = pageDetailViewController.swift; sourceTree = "<group>"; };
		A6DF60361DFA4FBF003AED3C /* Icon-60@2x.png */ = {isa = PBXFileReference; lastKnownFileType = image.png; path = "Icon-60@2x.png"; sourceTree = "<group>"; };
		A6DF60381DFA5062003AED3C /* Icon-60@3x.png */ = {isa = PBXFileReference; lastKnownFileType = image.png; path = "Icon-60@3x.png"; sourceTree = "<group>"; };
		A6DF603A1DFA50E8003AED3C /* Icon-57.png */ = {isa = PBXFileReference; lastKnownFileType = image.png; path = "Icon-57.png"; sourceTree = "<group>"; };
		A6E558661DCDAB6D000C0161 /* 廉兴连心-Bridging-Header.h */ = {isa = PBXFileReference; fileEncoding = 4; lastKnownFileType = sourcecode.c.h; name = "廉兴连心-Bridging-Header.h"; path = "廉兴连心/廉兴连心-Bridging-Header.h"; sourceTree = "<group>"; };
		A6E825C61E73DD7300DC303F /* MediaPerfaceCollectionViewController.swift */ = {isa = PBXFileReference; fileEncoding = 4; lastKnownFileType = sourcecode.swift; path = MediaPerfaceCollectionViewController.swift; sourceTree = "<group>"; };
		A6E825C81E73DD9100DC303F /* MediaPerfaceCellCollectionViewCell.swift */ = {isa = PBXFileReference; fileEncoding = 4; lastKnownFileType = sourcecode.swift; path = MediaPerfaceCellCollectionViewCell.swift; sourceTree = "<group>"; };
		A6E8B4A81DD196AD0093F597 /* userInfoChangeViewController.swift */ = {isa = PBXFileReference; fileEncoding = 4; lastKnownFileType = sourcecode.swift; path = userInfoChangeViewController.swift; sourceTree = "<group>"; };
		A6E8B4A91DD196AD0093F597 /* userInfoChangeViewController.xib */ = {isa = PBXFileReference; fileEncoding = 4; lastKnownFileType = file.xib; path = userInfoChangeViewController.xib; sourceTree = "<group>"; };
		A6EC661E1DDE7DF700D71B0A /* noticedetailViewController.swift */ = {isa = PBXFileReference; fileEncoding = 4; lastKnownFileType = sourcecode.swift; path = noticedetailViewController.swift; sourceTree = "<group>"; };
		A6EC661F1DDE7DF700D71B0A /* noticedetailViewController.xib */ = {isa = PBXFileReference; fileEncoding = 4; lastKnownFileType = file.xib; path = noticedetailViewController.xib; sourceTree = "<group>"; };
		A6F037AB1DF246CB007E1A2B /* adminDetailViewController.swift */ = {isa = PBXFileReference; fileEncoding = 4; lastKnownFileType = sourcecode.swift; path = adminDetailViewController.swift; sourceTree = "<group>"; };
		A6F037AC1DF246CB007E1A2B /* adminDetailViewController.xib */ = {isa = PBXFileReference; fileEncoding = 4; lastKnownFileType = file.xib; path = adminDetailViewController.xib; sourceTree = "<group>"; };
		A6F27ACF1E3A423600E9C3A6 /* ImageTableViewCell.swift */ = {isa = PBXFileReference; fileEncoding = 4; lastKnownFileType = sourcecode.swift; path = ImageTableViewCell.swift; sourceTree = "<group>"; };
		A6F27AD01E3A423600E9C3A6 /* ImageTableViewCell.xib */ = {isa = PBXFileReference; fileEncoding = 4; lastKnownFileType = file.xib; path = ImageTableViewCell.xib; sourceTree = "<group>"; };
		A6F27AD31E3A424A00E9C3A6 /* VedioTableViewCell.swift */ = {isa = PBXFileReference; fileEncoding = 4; lastKnownFileType = sourcecode.swift; path = VedioTableViewCell.swift; sourceTree = "<group>"; };
		A6F27AD41E3A424A00E9C3A6 /* VedioTableViewCell.xib */ = {isa = PBXFileReference; fileEncoding = 4; lastKnownFileType = file.xib; path = VedioTableViewCell.xib; sourceTree = "<group>"; };
		A6F27AD71E3A425500E9C3A6 /* TextTableViewCell.swift */ = {isa = PBXFileReference; fileEncoding = 4; lastKnownFileType = sourcecode.swift; path = TextTableViewCell.swift; sourceTree = "<group>"; };
		A6F27AD81E3A425500E9C3A6 /* TextTableViewCell.xib */ = {isa = PBXFileReference; fileEncoding = 4; lastKnownFileType = file.xib; path = TextTableViewCell.xib; sourceTree = "<group>"; };
		A6F7BF8B1DCD6DED00402147 /* SWRevealViewController.h */ = {isa = PBXFileReference; fileEncoding = 4; lastKnownFileType = sourcecode.c.h; path = SWRevealViewController.h; sourceTree = "<group>"; };
		A6F7BF8C1DCD6DF700402147 /* SWRevealViewController.m */ = {isa = PBXFileReference; fileEncoding = 4; lastKnownFileType = sourcecode.c.objc; path = SWRevealViewController.m; sourceTree = "<group>"; };
		A6F7BF901DCD72BC00402147 /* Main.storyboard */ = {isa = PBXFileReference; fileEncoding = 4; lastKnownFileType = file.storyboard; path = Main.storyboard; sourceTree = "<group>"; };
		A6FE91FE1DD44927008CA618 /* answerViewController.swift */ = {isa = PBXFileReference; fileEncoding = 4; lastKnownFileType = sourcecode.swift; path = answerViewController.swift; sourceTree = "<group>"; };
		A6FE91FF1DD44927008CA618 /* answerViewController.xib */ = {isa = PBXFileReference; fileEncoding = 4; lastKnownFileType = file.xib; path = answerViewController.xib; sourceTree = "<group>"; };
/* End PBXFileReference section */

/* Begin PBXFrameworksBuildPhase section */
		A6772BF01DCC4D7700425322 /* Frameworks */ = {
			isa = PBXFrameworksBuildPhase;
			buildActionMask = 2147483647;
			files = (
				A61287311E4205B200EA42C4 /* libresolv.tbd in Frameworks */,
				A612872F1E42057500EA42C4 /* UIKit.framework in Frameworks */,
				A612872D1E42054E00EA42C4 /* CoreFoundation.framework in Frameworks */,
				A6B2FB641E3B9A2000F46FB5 /* Kingfisher.framework in Frameworks */,
				A67FCCAC1E237A660013CE50 /* UserNotifications.framework in Frameworks */,
				A67FCCA81E237A180013CE50 /* libc++.tbd in Frameworks */,
				A67FCCA61E237A0F0013CE50 /* libz.tbd in Frameworks */,
				A6772C4C1DCC4F0700425322 /* libsqlite3.tbd in Frameworks */,
				A6772C4A1DCC4EFE00425322 /* libicucore.tbd in Frameworks */,
				A6772C481DCC4EF400425322 /* libz.1.2.5.tbd in Frameworks */,
				A6772C461DCC4EE400425322 /* MediaPlayer.framework in Frameworks */,
				A6772C441DCC4EDD00425322 /* AVFoundation.framework in Frameworks */,
				A6772C421DCC4ED700425322 /* SystemConfiguration.framework in Frameworks */,
				A6772C401DCC4ECF00425322 /* CoreTelephony.framework in Frameworks */,
				A612872B1E42051B00EA42C4 /* jpush-ios-3.0.1.a in Frameworks */,
				A6772C3E1DCC4EC800425322 /* CFNetwork.framework in Frameworks */,
				A6772C3C1DCC4EC200425322 /* MobileCoreServices.framework in Frameworks */,
				A6772C3A1DCC4EBA00425322 /* CoreGraphics.framework in Frameworks */,
				A612872A1E42051B00EA42C4 /* jcore-ios-1.1.0.a in Frameworks */,
				A6772C381DCC4EB200425322 /* Security.framework in Frameworks */,
				A6772C361DCC4EAA00425322 /* CoreLocation.framework in Frameworks */,
				A6772C341DCC4EA000425322 /* Foundation.framework in Frameworks */,
				A6772C2D1DCC4E3400425322 /* BmobSDK.framework in Frameworks */,
			);
			runOnlyForDeploymentPostprocessing = 0;
		};
		A6772C071DCC4D7700425322 /* Frameworks */ = {
			isa = PBXFrameworksBuildPhase;
			buildActionMask = 2147483647;
			files = (
			);
			runOnlyForDeploymentPostprocessing = 0;
		};
		A6772C121DCC4D7700425322 /* Frameworks */ = {
			isa = PBXFrameworksBuildPhase;
			buildActionMask = 2147483647;
			files = (
			);
			runOnlyForDeploymentPostprocessing = 0;
		};
/* End PBXFrameworksBuildPhase section */

/* Begin PBXGroup section */
		A61287261E42051B00EA42C4 /* Lib */ = {
			isa = PBXGroup;
			children = (
				A61287271E42051B00EA42C4 /* jcore-ios-1.1.0.a */,
				A61287281E42051B00EA42C4 /* jpush-ios-3.0.1.a */,
				A61287291E42051B00EA42C4 /* JPUSHService.h */,
			);
			path = Lib;
			sourceTree = "<group>";
		};
		A62F73651E0E3A35002EEC5D /* 举报信箱 */ = {
			isa = PBXGroup;
			children = (
				A6D17ABB1E0E0E1500071C84 /* MailBoxTableViewController.swift */,
				A6D17ABD1E0E0E2300071C84 /* SendBoxTableViewController.swift */,
				A6D17AC31E0E1B9300071C84 /* DetailReplyContentViewController.swift */,
				A6D17AC41E0E1B9300071C84 /* DetailReplyContentViewController.xib */,
				A6D17ABF1E0E1B7B00071C84 /* DetailSendContentViewController.swift */,
				A6D17AC01E0E1B7B00071C84 /* DetailSendContentViewController.xib */,
				A6D17AB91E0E05A800071C84 /* writeMailViewController.swift */,
				A6D17AB71E0E033900071C84 /* reportViewController.swift */,
			);
			name = "举报信箱";
			sourceTree = "<group>";
		};
		A62F9E381DDD2B4000491D40 /* 动态提醒 */ = {
			isa = PBXGroup;
			children = (
				A6772C601DCC5CF800425322 /* liantixinViewController.swift */,
				A62F9E391DDD2B7400491D40 /* tixinTableViewController.swift */,
				A62F9E3B1DDD2B8200491D40 /* tongziTableViewController.swift */,
				A611C3D71DE0610800C0C889 /* addNoticeAlarmViewController.swift */,
				A6B7BCE71DF1ACBD001ACD10 /* adminDirTableViewController.swift */,
				A6F037AB1DF246CB007E1A2B /* adminDetailViewController.swift */,
				A6F037AC1DF246CB007E1A2B /* adminDetailViewController.xib */,
				A6B08A431DDD9B87009E66C6 /* tixindetailViewController.swift */,
				A6EC661E1DDE7DF700D71B0A /* noticedetailViewController.swift */,
				A6EC661F1DDE7DF700D71B0A /* noticedetailViewController.xib */,
				A6B08A441DDD9B87009E66C6 /* tixindetailViewController.xib */,
			);
			name = "动态提醒";
			sourceTree = "<group>";
		};
		A63E42111E611798005B8D61 /* 积分商城 */ = {
			isa = PBXGroup;
			children = (
				A63E42121E6117C2005B8D61 /* giftsViewController.swift */,
				A671C2771E618D4800AF7707 /* shoppingcellTableViewCell.swift */,
			);
			name = "积分商城";
			sourceTree = "<group>";
		};
		A642332C1DF2F91F0011BD41 /* 作品 */ = {
			isa = PBXGroup;
			children = (
				A64233261DF2DCC00011BD41 /* masterPieceViewController.swift */,
				A642332A1DF2F9170011BD41 /* myHeadCollectionReusableView.swift */,
				A6D91DB21DF91DB4008BE1FD /* pageDetailViewController.swift */,
				A64233281DF2F5AC0011BD41 /* myCellCollectionViewCell.swift */,
			);
			name = "作品";
			sourceTree = "<group>";
		};
		A6772BEA1DCC4D7700425322 = {
			isa = PBXGroup;
			children = (
				A61287261E42051B00EA42C4 /* Lib */,
				A6E558661DCDAB6D000C0161 /* 廉兴连心-Bridging-Header.h */,
				A6F7BF8A1DCD6DB700402147 /* SWRevealViewController */,
				A6772C271DCC4E3400425322 /* Bmob_SDK_iOS_v1.7.2 */,
				A6772BF51DCC4D7700425322 /* 廉兴连心 */,
				A6772BF41DCC4D7700425322 /* Products */,
				A6772C321DCC4EA000425322 /* Frameworks */,
			);
			sourceTree = "<group>";
		};
		A6772BF41DCC4D7700425322 /* Products */ = {
			isa = PBXGroup;
			children = (
				A6772BF31DCC4D7700425322 /* 廉兴连心.app */,
				A6772C0A1DCC4D7700425322 /* 廉兴连心Tests.xctest */,
				A6772C151DCC4D7700425322 /* 廉兴连心UITests.xctest */,
			);
			name = Products;
			sourceTree = "<group>";
		};
		A6772BF51DCC4D7700425322 /* 廉兴连心 */ = {
			isa = PBXGroup;
			children = (
				A63E42111E611798005B8D61 /* 积分商城 */,
				A60009E51E1E0A1600357251 /* 廉兴连心.entitlements */,
				A62F9E381DDD2B4000491D40 /* 动态提醒 */,
				A6895C7B1E5047B800DF0997 /* 新闻首页 */,
				A6BFFE801DD84A20004A781F /* 百科 */,
				A6FE92021DD44931008CA618 /* 闯关 */,
				A677CA641DD029AF008ECF71 /* login and signup */,
				A642332C1DF2F91F0011BD41 /* 作品 */,
				A62F73651E0E3A35002EEC5D /* 举报信箱 */,
				A6772C781DCC5EC800425322 /* userListTableViewController.swift */,
				A6772BF61DCC4D7700425322 /* AppDelegate.swift */,
				A6F7BF901DCD72BC00402147 /* Main.storyboard */,
				A6772C881DCC700B00425322 /* myTabViewController.swift */,
				A6772C001DCC4D7700425322 /* Assets.xcassets */,
				A6772C021DCC4D7700425322 /* LaunchScreen.storyboard */,
				A64466991DD2BFCC008CB465 /* department.plist */,
				A62E065F1E077EA000EF93F9 /* LOGO修改2.jpg */,
				A66E28C61E6AEF0700D1B520 /* answers.plist */,
				A6DF603C1DFA50EF003AED3C /* icons */,
				A6B7BCDE1DF17D4F001ACD10 /* alarmdays.plist */,
				A6772C051DCC4D7700425322 /* Info.plist */,
				A6772BFD1DCC4D7700425322 /* ____.xcdatamodeld */,
				A6772C4E1DCC4F1C00425322 /* 廉兴连心Tests-Bridging-Header.h */,
				A6772C4F1DCC4F1C00425322 /* 廉兴连心UITests-Bridging-Header.h */,
			);
			path = "廉兴连心";
			sourceTree = "<group>";
		};
		A6772C271DCC4E3400425322 /* Bmob_SDK_iOS_v1.7.2 */ = {
			isa = PBXGroup;
			children = (
				A6772C281DCC4E3400425322 /* Bmob_iOS_SDK更新历史.txt */,
				A6772C291DCC4E3400425322 /* BmobSDK.framework */,
			);
			name = Bmob_SDK_iOS_v1.7.2;
			path = "廉兴连心/Bmob_SDK_iOS_v1.7.2";
			sourceTree = "<group>";
		};
		A6772C321DCC4EA000425322 /* Frameworks */ = {
			isa = PBXGroup;
			children = (
				A61287301E4205B200EA42C4 /* libresolv.tbd */,
				A612872E1E42057500EA42C4 /* UIKit.framework */,
				A612872C1E42054E00EA42C4 /* CoreFoundation.framework */,
				A6B2FB611E3B985800F46FB5 /* Kingfisher.framework */,
				A67FCCAB1E237A660013CE50 /* UserNotifications.framework */,
				A67FCCA91E237A530013CE50 /* JavaScriptCore.framework */,
				A67FCCA71E237A180013CE50 /* libc++.tbd */,
				A67FCCA51E237A0F0013CE50 /* libz.tbd */,
				A6772C4B1DCC4F0700425322 /* libsqlite3.tbd */,
				A6772C491DCC4EFE00425322 /* libicucore.tbd */,
				A6772C471DCC4EF400425322 /* libz.1.2.5.tbd */,
				A6772C451DCC4EE400425322 /* MediaPlayer.framework */,
				A6772C431DCC4EDD00425322 /* AVFoundation.framework */,
				A6772C411DCC4ED700425322 /* SystemConfiguration.framework */,
				A6772C3F1DCC4ECF00425322 /* CoreTelephony.framework */,
				A6772C3D1DCC4EC800425322 /* CFNetwork.framework */,
				A6772C3B1DCC4EC200425322 /* MobileCoreServices.framework */,
				A6772C391DCC4EBA00425322 /* CoreGraphics.framework */,
				A6772C371DCC4EB200425322 /* Security.framework */,
				A6772C351DCC4EAA00425322 /* CoreLocation.framework */,
				A6772C331DCC4EA000425322 /* Foundation.framework */,
			);
			name = Frameworks;
			sourceTree = "<group>";
		};
		A677CA641DD029AF008ECF71 /* login and signup */ = {
			isa = PBXGroup;
			children = (
				A69A90161E6FA58A00EB6F0B /* contributionInfoViewController.xib */,
				A69A90171E6FA58A00EB6F0B /* contributionInfoViewController.swift */,
				A616852E1DCE9AB700210D12 /* aboutUsViewController.swift */,
				A616852F1DCE9AB700210D12 /* aboutUsViewController.xib */,
				A677CA601DD029A7008ECF71 /* signUpViewController.swift */,
				A6E8B4A81DD196AD0093F597 /* userInfoChangeViewController.swift */,
				A606BEE01DEEEB3D0094F8B6 /* settingsViewController.swift */,
				A606BEE11DEEEB3D0094F8B6 /* settingsViewController.xib */,
				A6E8B4A91DD196AD0093F597 /* userInfoChangeViewController.xib */,
				A677CA651DD031EC008ECF71 /* logInViewController.swift */,
				A677CA6B1DD04AB3008ECF71 /* fogetPwdViewController.swift */,
				A677CA661DD031EC008ECF71 /* logInViewController.xib */,
			);
			name = "login and signup";
			sourceTree = "<group>";
		};
		A6895C7B1E5047B800DF0997 /* 新闻首页 */ = {
			isa = PBXGroup;
			children = (
				A6BF68761E3A0F62005269E9 /* DongTaiViewController.swift */,
				A6F27ACF1E3A423600E9C3A6 /* ImageTableViewCell.swift */,
				A6F27AD01E3A423600E9C3A6 /* ImageTableViewCell.xib */,
				A6F27AD31E3A424A00E9C3A6 /* VedioTableViewCell.swift */,
				A6F27AD41E3A424A00E9C3A6 /* VedioTableViewCell.xib */,
				A6F27AD71E3A425500E9C3A6 /* TextTableViewCell.swift */,
				A6F27AD81E3A425500E9C3A6 /* TextTableViewCell.xib */,
				A65381FB1E3F20C500612525 /* TextNewsDetailViewController.swift */,
				A65381FC1E3F20C500612525 /* TextNewsDetailViewController.xib */,
				A65381FF1E3F217200612525 /* imageNewsViewController.swift */,
				A65382001E3F217200612525 /* imageNewsViewController.xib */,
				A699CA811E405B880096DF3A /* VedioNewsViewController.swift */,
			);
			name = "新闻首页";
			sourceTree = "<group>";
		};
		A6BFFE801DD84A20004A781F /* 百科 */ = {
			isa = PBXGroup;
			children = (
				A676569C1E70FA5A00AB9CA9 /* detailContenViewController.swift */,
				A6772C681DCC5D2E00425322 /* lianbaikeViewController.swift */,
				A6BFFE7C1DD84A00004A781F /* baikeDirTableViewController.swift */,
				A61F45C51DD95E2A00D097E4 /* addViewController.swift */,
				A61F45C61DD95E2A00D097E4 /* addViewController.xib */,
				A61A5B441E1753F2005A7077 /* mediaCollectionViewController.swift */,
				A61A5B461E17540E005A7077 /* MediaCellCollectionViewCell.swift */,
				A603A6521E162EB8000E28A0 /* mediaViewController.swift */,
				A6E825C61E73DD7300DC303F /* MediaPerfaceCollectionViewController.swift */,
				A6E825C81E73DD9100DC303F /* MediaPerfaceCellCollectionViewCell.swift */,
			);
			name = "百科";
			sourceTree = "<group>";
		};
		A6DF603C1DFA50EF003AED3C /* icons */ = {
			isa = PBXGroup;
			children = (
				A6DF60361DFA4FBF003AED3C /* Icon-60@2x.png */,
				A6DF60381DFA5062003AED3C /* Icon-60@3x.png */,
				A6DF603A1DFA50E8003AED3C /* Icon-57.png */,
			);
			name = icons;
			sourceTree = "<group>";
		};
		A6F7BF8A1DCD6DB700402147 /* SWRevealViewController */ = {
			isa = PBXGroup;
			children = (
				A6F7BF8C1DCD6DF700402147 /* SWRevealViewController.m */,
				A6F7BF8B1DCD6DED00402147 /* SWRevealViewController.h */,
			);
			name = SWRevealViewController;
			sourceTree = "<group>";
		};
		A6FE92021DD44931008CA618 /* 闯关 */ = {
			isa = PBXGroup;
			children = (
				A6996D6D1DD5E06800C5E1A1 /* resultViewController.swift */,
				A6996D6E1DD5E06800C5E1A1 /* resultViewController.xib */,
				A6FE91FF1DD44927008CA618 /* answerViewController.xib */,
				A6FE91FE1DD44927008CA618 /* answerViewController.swift */,
				A6AC8B9B1E62DB1D00D1A748 /* CardCellCollectionViewCell.swift */,
				A6AC8B9C1E62DB1D00D1A748 /* CardCellCollectionViewCell.xib */,
				A6AC8B9F1E62E14200D1A748 /* CardLayout.swift */,
				A6AC8BA11E62E1DF00D1A748 /* CardCollectionViewController.swift */,
				A66E28BE1E6AC64A00D1B520 /* ExamPerfaceViewController.swift */,
				A66E28BF1E6AC64A00D1B520 /* ExamPerfaceViewController.xib */,
				A66E28C21E6ACD9E00D1B520 /* ExamDetailViewController.swift */,
				A66E28C31E6ACD9E00D1B520 /* ExamDetailViewController.xib */,
			);
			name = "闯关";
			sourceTree = "<group>";
		};
/* End PBXGroup section */

/* Begin PBXNativeTarget section */
		A6772BF21DCC4D7700425322 /* 廉兴连心 */ = {
			isa = PBXNativeTarget;
			buildConfigurationList = A6772C1E1DCC4D7700425322 /* Build configuration list for PBXNativeTarget "廉兴连心" */;
			buildPhases = (
				A6772BEF1DCC4D7700425322 /* Sources */,
				A6772BF01DCC4D7700425322 /* Frameworks */,
				A6772BF11DCC4D7700425322 /* Resources */,
				A6B2FB631E3B987900F46FB5 /* ShellScript */,
			);
			buildRules = (
			);
			dependencies = (
			);
			name = "廉兴连心";
			productName = "廉兴连心";
			productReference = A6772BF31DCC4D7700425322 /* 廉兴连心.app */;
			productType = "com.apple.product-type.application";
		};
		A6772C091DCC4D7700425322 /* 廉兴连心Tests */ = {
			isa = PBXNativeTarget;
			buildConfigurationList = A6772C211DCC4D7700425322 /* Build configuration list for PBXNativeTarget "廉兴连心Tests" */;
			buildPhases = (
				A6772C061DCC4D7700425322 /* Sources */,
				A6772C071DCC4D7700425322 /* Frameworks */,
				A6772C081DCC4D7700425322 /* Resources */,
			);
			buildRules = (
			);
			dependencies = (
				A6772C0C1DCC4D7700425322 /* PBXTargetDependency */,
			);
			name = "廉兴连心Tests";
			productName = "廉兴连心Tests";
			productReference = A6772C0A1DCC4D7700425322 /* 廉兴连心Tests.xctest */;
			productType = "com.apple.product-type.bundle.unit-test";
		};
		A6772C141DCC4D7700425322 /* 廉兴连心UITests */ = {
			isa = PBXNativeTarget;
			buildConfigurationList = A6772C241DCC4D7700425322 /* Build configuration list for PBXNativeTarget "廉兴连心UITests" */;
			buildPhases = (
				A6772C111DCC4D7700425322 /* Sources */,
				A6772C121DCC4D7700425322 /* Frameworks */,
				A6772C131DCC4D7700425322 /* Resources */,
			);
			buildRules = (
			);
			dependencies = (
				A6772C171DCC4D7700425322 /* PBXTargetDependency */,
			);
			name = "廉兴连心UITests";
			productName = "廉兴连心UITests";
			productReference = A6772C151DCC4D7700425322 /* 廉兴连心UITests.xctest */;
			productType = "com.apple.product-type.bundle.ui-testing";
		};
/* End PBXNativeTarget section */

/* Begin PBXProject section */
		A6772BEB1DCC4D7700425322 /* Project object */ = {
			isa = PBXProject;
			attributes = {
				LastSwiftUpdateCheck = 0810;
				LastUpgradeCheck = 0810;
				ORGANIZATIONNAME = whitebooks;
				TargetAttributes = {
					A6772BF21DCC4D7700425322 = {
						CreatedOnToolsVersion = 8.1;
						DevelopmentTeam = 8MSH7WEY4Z;
						LastSwiftMigration = 0810;
						ProvisioningStyle = Manual;
						SystemCapabilities = {
							com.apple.BackgroundModes = {
								enabled = 1;
							};
							com.apple.Push = {
								enabled = 1;
							};
						};
					};
					A6772C091DCC4D7700425322 = {
						CreatedOnToolsVersion = 8.1;
						DevelopmentTeam = 5SV3GAQYT5;
						LastSwiftMigration = 0810;
						ProvisioningStyle = Automatic;
						TestTargetID = A6772BF21DCC4D7700425322;
					};
					A6772C141DCC4D7700425322 = {
						CreatedOnToolsVersion = 8.1;
						DevelopmentTeam = 5SV3GAQYT5;
						LastSwiftMigration = 0810;
						ProvisioningStyle = Automatic;
						TestTargetID = A6772BF21DCC4D7700425322;
					};
				};
			};
			buildConfigurationList = A6772BEE1DCC4D7700425322 /* Build configuration list for PBXProject "廉兴连心" */;
			compatibilityVersion = "Xcode 3.2";
			developmentRegion = English;
			hasScannedForEncodings = 0;
			knownRegions = (
				en,
				Base,
			);
			mainGroup = A6772BEA1DCC4D7700425322;
			productRefGroup = A6772BF41DCC4D7700425322 /* Products */;
			projectDirPath = "";
			projectRoot = "";
			targets = (
				A6772BF21DCC4D7700425322 /* 廉兴连心 */,
				A6772C091DCC4D7700425322 /* 廉兴连心Tests */,
				A6772C141DCC4D7700425322 /* 廉兴连心UITests */,
			);
		};
/* End PBXProject section */

/* Begin PBXResourcesBuildPhase section */
		A6772BF11DCC4D7700425322 /* Resources */ = {
			isa = PBXResourcesBuildPhase;
			buildActionMask = 2147483647;
			files = (
				A6F037AE1DF246CB007E1A2B /* adminDetailViewController.xib in Resources */,
				A6F27AD61E3A424A00E9C3A6 /* VedioTableViewCell.xib in Resources */,
				A65381FE1E3F20C500612525 /* TextNewsDetailViewController.xib in Resources */,
				A6DF603B1DFA50E8003AED3C /* Icon-57.png in Resources */,
				A6DF60391DFA5062003AED3C /* Icon-60@3x.png in Resources */,
				A66E28C71E6AEF0700D1B520 /* answers.plist in Resources */,
				A65382021E3F217200612525 /* imageNewsViewController.xib in Resources */,
				A6AC8B9E1E62DB1D00D1A748 /* CardCellCollectionViewCell.xib in Resources */,
				A6996D701DD5E06800C5E1A1 /* resultViewController.xib in Resources */,
				A606BEE31DEEEB3D0094F8B6 /* settingsViewController.xib in Resources */,
				A6772C041DCC4D7700425322 /* LaunchScreen.storyboard in Resources */,
				A61685311DCE9AB700210D12 /* aboutUsViewController.xib in Resources */,
				A6E8B4AB1DD196AD0093F597 /* userInfoChangeViewController.xib in Resources */,
				A6D17AC21E0E1B7B00071C84 /* DetailSendContentViewController.xib in Resources */,
				A66E28C11E6AC64A00D1B520 /* ExamPerfaceViewController.xib in Resources */,
				A6F27ADA1E3A425500E9C3A6 /* TextTableViewCell.xib in Resources */,
				A6772C2A1DCC4E3400425322 /* Bmob_iOS_SDK更新历史.txt in Resources */,
				A6DF60371DFA4FBF003AED3C /* Icon-60@2x.png in Resources */,
				A6772C011DCC4D7700425322 /* Assets.xcassets in Resources */,
				A66E28C51E6ACD9E00D1B520 /* ExamDetailViewController.xib in Resources */,
				A6F27AD21E3A423600E9C3A6 /* ImageTableViewCell.xib in Resources */,
				A69A90181E6FA58A00EB6F0B /* contributionInfoViewController.xib in Resources */,
				A677CA681DD031EC008ECF71 /* logInViewController.xib in Resources */,
				A6D17AC61E0E1B9300071C84 /* DetailReplyContentViewController.xib in Resources */,
				A62E06601E077EA000EF93F9 /* LOGO修改2.jpg in Resources */,
				A644669A1DD2BFCC008CB465 /* department.plist in Resources */,
				A6FE92011DD44927008CA618 /* answerViewController.xib in Resources */,
				A61F45C81DD95E2A00D097E4 /* addViewController.xib in Resources */,
				A6EC66211DDE7DF700D71B0A /* noticedetailViewController.xib in Resources */,
				A6F7BF911DCD72BC00402147 /* Main.storyboard in Resources */,
				A6B7BCDF1DF17D4F001ACD10 /* alarmdays.plist in Resources */,
				A6B08A461DDD9B87009E66C6 /* tixindetailViewController.xib in Resources */,
			);
			runOnlyForDeploymentPostprocessing = 0;
		};
		A6772C081DCC4D7700425322 /* Resources */ = {
			isa = PBXResourcesBuildPhase;
			buildActionMask = 2147483647;
			files = (
				A6772C2B1DCC4E3400425322 /* Bmob_iOS_SDK更新历史.txt in Resources */,
				A6F7BF921DCD72BC00402147 /* Main.storyboard in Resources */,
			);
			runOnlyForDeploymentPostprocessing = 0;
		};
		A6772C131DCC4D7700425322 /* Resources */ = {
			isa = PBXResourcesBuildPhase;
			buildActionMask = 2147483647;
			files = (
				A6772C2C1DCC4E3400425322 /* Bmob_iOS_SDK更新历史.txt in Resources */,
				A6F7BF931DCD72BC00402147 /* Main.storyboard in Resources */,
			);
			runOnlyForDeploymentPostprocessing = 0;
		};
/* End PBXResourcesBuildPhase section */

/* Begin PBXShellScriptBuildPhase section */
		A6B2FB631E3B987900F46FB5 /* ShellScript */ = {
			isa = PBXShellScriptBuildPhase;
			buildActionMask = 2147483647;
			files = (
			);
			inputPaths = (
				"$(SRCROOT)/Carthage/Build/iOS/Kingfisher.framework",
			);
			outputPaths = (
			);
			runOnlyForDeploymentPostprocessing = 0;
			shellPath = /bin/sh;
			shellScript = "/usr/local/bin/carthage copy-frameworks";
		};
/* End PBXShellScriptBuildPhase section */

/* Begin PBXSourcesBuildPhase section */
		A6772BEF1DCC4D7700425322 /* Sources */ = {
			isa = PBXSourcesBuildPhase;
			buildActionMask = 2147483647;
			files = (
				A677CA621DD029A7008ECF71 /* signUpViewController.swift in Sources */,
				A676569E1E70FA5A00AB9CA9 /* detailContenViewController.swift in Sources */,
				A671C2781E618D4800AF7707 /* shoppingcellTableViewCell.swift in Sources */,
				A6E8B4AA1DD196AD0093F597 /* userInfoChangeViewController.swift in Sources */,
				A61685301DCE9AB700210D12 /* aboutUsViewController.swift in Sources */,
				A6AC8BA01E62E14200D1A748 /* CardLayout.swift in Sources */,
				A6AC8BA21E62E1DF00D1A748 /* CardCollectionViewController.swift in Sources */,
				A6996D6F1DD5E06800C5E1A1 /* resultViewController.swift in Sources */,
				A65381FD1E3F20C500612525 /* TextNewsDetailViewController.swift in Sources */,
				A6D17ABC1E0E0E1500071C84 /* MailBoxTableViewController.swift in Sources */,
				A6D17AC51E0E1B9300071C84 /* DetailReplyContentViewController.swift in Sources */,
				A603A6531E162EB8000E28A0 /* mediaViewController.swift in Sources */,
				A63E42131E6117C2005B8D61 /* giftsViewController.swift in Sources */,
				A6D17ABE1E0E0E2300071C84 /* SendBoxTableViewController.swift in Sources */,
				A6B7BCE81DF1ACBD001ACD10 /* adminDirTableViewController.swift in Sources */,
				A66E28C41E6ACD9E00D1B520 /* ExamDetailViewController.swift in Sources */,
				A61A5B471E17540E005A7077 /* MediaCellCollectionViewCell.swift in Sources */,
				A6FE92001DD44927008CA618 /* answerViewController.swift in Sources */,
				A6772BFF1DCC4D7700425322 /* ____.xcdatamodeld in Sources */,
				A66E28C01E6AC64A00D1B520 /* ExamPerfaceViewController.swift in Sources */,
				A6772C7A1DCC5EC800425322 /* userListTableViewController.swift in Sources */,
				A6D91DB31DF91DB4008BE1FD /* pageDetailViewController.swift in Sources */,
				A61F45C71DD95E2A00D097E4 /* addViewController.swift in Sources */,
				A6772C611DCC5CF800425322 /* liantixinViewController.swift in Sources */,
				A6E825C71E73DD7300DC303F /* MediaPerfaceCollectionViewController.swift in Sources */,
				A6772C691DCC5D2E00425322 /* lianbaikeViewController.swift in Sources */,
				A6772C891DCC700B00425322 /* myTabViewController.swift in Sources */,
				A611C3D81DE0610800C0C889 /* addNoticeAlarmViewController.swift in Sources */,
				A6AC8B9D1E62DB1D00D1A748 /* CardCellCollectionViewCell.swift in Sources */,
				A606BEE21DEEEB3D0094F8B6 /* settingsViewController.swift in Sources */,
				A6F037AD1DF246CB007E1A2B /* adminDetailViewController.swift in Sources */,
				A642332B1DF2F9170011BD41 /* myHeadCollectionReusableView.swift in Sources */,
				A6D17AB81E0E033900071C84 /* reportViewController.swift in Sources */,
				A62F9E3A1DDD2B7400491D40 /* tixinTableViewController.swift in Sources */,
				A6B08A451DDD9B87009E66C6 /* tixindetailViewController.swift in Sources */,
				A6F27AD11E3A423600E9C3A6 /* ImageTableViewCell.swift in Sources */,
				A6BFFE7E1DD84A00004A781F /* baikeDirTableViewController.swift in Sources */,
				A677CA671DD031EC008ECF71 /* logInViewController.swift in Sources */,
				A61A5B451E1753F2005A7077 /* mediaCollectionViewController.swift in Sources */,
				A677CA6D1DD04AB3008ECF71 /* fogetPwdViewController.swift in Sources */,
				A62F9E3C1DDD2B8200491D40 /* tongziTableViewController.swift in Sources */,
				A64233291DF2F5AC0011BD41 /* myCellCollectionViewCell.swift in Sources */,
				A6D17AC11E0E1B7B00071C84 /* DetailSendContentViewController.swift in Sources */,
				A69A90191E6FA58A00EB6F0B /* contributionInfoViewController.swift in Sources */,
				A6D17ABA1E0E05A800071C84 /* writeMailViewController.swift in Sources */,
				A6EC66201DDE7DF700D71B0A /* noticedetailViewController.swift in Sources */,
				A699CA821E405B880096DF3A /* VedioNewsViewController.swift in Sources */,
				A65382011E3F217200612525 /* imageNewsViewController.swift in Sources */,
				A6E825C91E73DD9100DC303F /* MediaPerfaceCellCollectionViewCell.swift in Sources */,
				A6F7BF8D1DCD6DF700402147 /* SWRevealViewController.m in Sources */,
				A6F27AD51E3A424A00E9C3A6 /* VedioTableViewCell.swift in Sources */,
				A6F27AD91E3A425500E9C3A6 /* TextTableViewCell.swift in Sources */,
				A6BF68771E3A0F62005269E9 /* DongTaiViewController.swift in Sources */,
				A64233271DF2DCC00011BD41 /* masterPieceViewController.swift in Sources */,
				A6772BF71DCC4D7700425322 /* AppDelegate.swift in Sources */,
			);
			runOnlyForDeploymentPostprocessing = 0;
		};
		A6772C061DCC4D7700425322 /* Sources */ = {
			isa = PBXSourcesBuildPhase;
			buildActionMask = 2147483647;
			files = (
				A6F7BF8E1DCD6DF700402147 /* SWRevealViewController.m in Sources */,
			);
			runOnlyForDeploymentPostprocessing = 0;
		};
		A6772C111DCC4D7700425322 /* Sources */ = {
			isa = PBXSourcesBuildPhase;
			buildActionMask = 2147483647;
			files = (
				A6F7BF8F1DCD6DF700402147 /* SWRevealViewController.m in Sources */,
			);
			runOnlyForDeploymentPostprocessing = 0;
		};
/* End PBXSourcesBuildPhase section */

/* Begin PBXTargetDependency section */
		A6772C0C1DCC4D7700425322 /* PBXTargetDependency */ = {
			isa = PBXTargetDependency;
			target = A6772BF21DCC4D7700425322 /* 廉兴连心 */;
			targetProxy = A6772C0B1DCC4D7700425322 /* PBXContainerItemProxy */;
		};
		A6772C171DCC4D7700425322 /* PBXTargetDependency */ = {
			isa = PBXTargetDependency;
			target = A6772BF21DCC4D7700425322 /* 廉兴连心 */;
			targetProxy = A6772C161DCC4D7700425322 /* PBXContainerItemProxy */;
		};
/* End PBXTargetDependency section */

/* Begin PBXVariantGroup section */
		A6772C021DCC4D7700425322 /* LaunchScreen.storyboard */ = {
			isa = PBXVariantGroup;
			children = (
				A6772C031DCC4D7700425322 /* Base */,
				A6772C311DCC4E4C00425322 /* zh-Hans */,
			);
			name = LaunchScreen.storyboard;
			sourceTree = "<group>";
		};
/* End PBXVariantGroup section */

/* Begin XCBuildConfiguration section */
		A6772C1C1DCC4D7700425322 /* Debug */ = {
			isa = XCBuildConfiguration;
			buildSettings = {
				ALWAYS_EMBED_SWIFT_STANDARD_LIBRARIES = YES;
				ALWAYS_SEARCH_USER_PATHS = NO;
				CLANG_ANALYZER_LOCALIZABILITY_NONLOCALIZED = YES;
				CLANG_ANALYZER_NONNULL = YES;
				CLANG_CXX_LANGUAGE_STANDARD = "gnu++0x";
				CLANG_CXX_LIBRARY = "libc++";
				CLANG_ENABLE_MODULES = YES;
				CLANG_ENABLE_OBJC_ARC = YES;
				CLANG_WARN_BOOL_CONVERSION = YES;
				CLANG_WARN_CONSTANT_CONVERSION = YES;
				CLANG_WARN_DIRECT_OBJC_ISA_USAGE = YES_ERROR;
				CLANG_WARN_DOCUMENTATION_COMMENTS = YES;
				CLANG_WARN_EMPTY_BODY = YES;
				CLANG_WARN_ENUM_CONVERSION = YES;
				CLANG_WARN_INFINITE_RECURSION = YES;
				CLANG_WARN_INT_CONVERSION = YES;
				CLANG_WARN_OBJC_ROOT_CLASS = YES_ERROR;
				CLANG_WARN_SUSPICIOUS_MOVE = YES;
				CLANG_WARN_SUSPICIOUS_MOVES = YES;
				CLANG_WARN_UNREACHABLE_CODE = YES;
				CLANG_WARN__DUPLICATE_METHOD_MATCH = YES;
				CODE_SIGN_IDENTITY = "iPhone Distribution: lei chen (8MSH7WEY4Z)";
				"CODE_SIGN_IDENTITY[sdk=iphoneos*]" = "iPhone Distribution: lei chen (8MSH7WEY4Z)";
				COPY_PHASE_STRIP = NO;
				DEBUG_INFORMATION_FORMAT = dwarf;
				ENABLE_BITCODE = NO;
				ENABLE_STRICT_OBJC_MSGSEND = YES;
				ENABLE_TESTABILITY = YES;
				FRAMEWORK_SEARCH_PATHS = (
					"$(PROJECT_DIR)/廉兴连心/Bmob_SDK_iOS_v1.7.2",
					"$(PROJECT_DIR)/廉兴连心/SWRevealViewController",
				);
				GCC_C_LANGUAGE_STANDARD = gnu99;
				GCC_DYNAMIC_NO_PIC = NO;
				GCC_NO_COMMON_BLOCKS = YES;
				GCC_OPTIMIZATION_LEVEL = 0;
				GCC_PREPROCESSOR_DEFINITIONS = (
					"DEBUG=1",
					"$(inherited)",
				);
				GCC_WARN_64_TO_32_BIT_CONVERSION = YES;
				GCC_WARN_ABOUT_RETURN_TYPE = YES_ERROR;
				GCC_WARN_UNDECLARED_SELECTOR = YES;
				GCC_WARN_UNINITIALIZED_AUTOS = YES_AGGRESSIVE;
				GCC_WARN_UNUSED_FUNCTION = YES;
				GCC_WARN_UNUSED_VARIABLE = YES;
				IPHONEOS_DEPLOYMENT_TARGET = 10.1;
				MTL_ENABLE_DEBUG_INFO = YES;
				ONLY_ACTIVE_ARCH = YES;
				SDKROOT = iphoneos10.1;
				SWIFT_ACTIVE_COMPILATION_CONDITIONS = DEBUG;
				SWIFT_OPTIMIZATION_LEVEL = "-Onone";
				VALID_ARCHS = "armv7 armv7s arm64";
			};
			name = Debug;
		};
		A6772C1D1DCC4D7700425322 /* Release */ = {
			isa = XCBuildConfiguration;
			buildSettings = {
				ALWAYS_EMBED_SWIFT_STANDARD_LIBRARIES = YES;
				ALWAYS_SEARCH_USER_PATHS = NO;
				CLANG_ANALYZER_LOCALIZABILITY_NONLOCALIZED = YES;
				CLANG_ANALYZER_NONNULL = YES;
				CLANG_CXX_LANGUAGE_STANDARD = "gnu++0x";
				CLANG_CXX_LIBRARY = "libc++";
				CLANG_ENABLE_MODULES = YES;
				CLANG_ENABLE_OBJC_ARC = YES;
				CLANG_WARN_BOOL_CONVERSION = YES;
				CLANG_WARN_CONSTANT_CONVERSION = YES;
				CLANG_WARN_DIRECT_OBJC_ISA_USAGE = YES_ERROR;
				CLANG_WARN_DOCUMENTATION_COMMENTS = YES;
				CLANG_WARN_EMPTY_BODY = YES;
				CLANG_WARN_ENUM_CONVERSION = YES;
				CLANG_WARN_INFINITE_RECURSION = YES;
				CLANG_WARN_INT_CONVERSION = YES;
				CLANG_WARN_OBJC_ROOT_CLASS = YES_ERROR;
				CLANG_WARN_SUSPICIOUS_MOVE = YES;
				CLANG_WARN_SUSPICIOUS_MOVES = YES;
				CLANG_WARN_UNREACHABLE_CODE = YES;
				CLANG_WARN__DUPLICATE_METHOD_MATCH = YES;
				CODE_SIGN_IDENTITY = "iPhone Distribution: lei chen (8MSH7WEY4Z)";
				"CODE_SIGN_IDENTITY[sdk=iphoneos*]" = "iPhone Distribution: lei chen (8MSH7WEY4Z)";
				COPY_PHASE_STRIP = NO;
				DEBUG_INFORMATION_FORMAT = "dwarf-with-dsym";
				ENABLE_BITCODE = NO;
				ENABLE_NS_ASSERTIONS = NO;
				ENABLE_STRICT_OBJC_MSGSEND = YES;
				FRAMEWORK_SEARCH_PATHS = (
					"$(PROJECT_DIR)/廉兴连心/Bmob_SDK_iOS_v1.7.2",
					"$(PROJECT_DIR)/廉兴连心/SWRevealViewController",
				);
				GCC_C_LANGUAGE_STANDARD = gnu99;
				GCC_NO_COMMON_BLOCKS = YES;
				GCC_WARN_64_TO_32_BIT_CONVERSION = YES;
				GCC_WARN_ABOUT_RETURN_TYPE = YES_ERROR;
				GCC_WARN_UNDECLARED_SELECTOR = YES;
				GCC_WARN_UNINITIALIZED_AUTOS = YES_AGGRESSIVE;
				GCC_WARN_UNUSED_FUNCTION = YES;
				GCC_WARN_UNUSED_VARIABLE = YES;
				IPHONEOS_DEPLOYMENT_TARGET = 10.1;
				MTL_ENABLE_DEBUG_INFO = NO;
				ONLY_ACTIVE_ARCH = YES;
				SDKROOT = iphoneos10.1;
				SWIFT_OPTIMIZATION_LEVEL = "-Owholemodule";
				VALIDATE_PRODUCT = YES;
				VALID_ARCHS = "armv7 armv7s arm64";
			};
			name = Release;
		};
		A6772C1F1DCC4D7700425322 /* Debug */ = {
			isa = XCBuildConfiguration;
			buildSettings = {
				ARCHS = "$(ARCHS_STANDARD)";
				ASSETCATALOG_COMPILER_APPICON_NAME = AppIcon;
				CLANG_ENABLE_MODULES = YES;
				CODE_SIGN_ENTITLEMENTS = "廉兴连心/廉兴连心.entitlements";
				CODE_SIGN_IDENTITY = "iPhone Distribution: lei chen (8MSH7WEY4Z)";
				DEVELOPMENT_TEAM = 8MSH7WEY4Z;
				FRAMEWORK_SEARCH_PATHS = (
					"$(inherited)",
					"$(PROJECT_DIR)/廉兴连心/Bmob_SDK_iOS_v1.7.2",
					"$(PROJECT_DIR)/廉兴连心/SWRevealViewController",
					"$(PROJECT_DIR)/廉兴连心",
					"$(PROJECT_DIR)/Carthage/Build/iOS",
				);
				INFOPLIST_FILE = "廉兴连心/Info.plist";
				IPHONEOS_DEPLOYMENT_TARGET = 10.0;
				LD_RUNPATH_SEARCH_PATHS = "$(inherited) @executable_path/Frameworks";
				LIBRARY_SEARCH_PATHS = (
					"$(inherited)",
					"$(PROJECT_DIR)/GtSdkLib-noidfa",
					"$(PROJECT_DIR)/Lib",
				);
				ONLY_ACTIVE_ARCH = YES;
				PRODUCT_BUNDLE_IDENTIFIER = com.whitebooks.LianXinLianXinLL;
				PRODUCT_NAME = "$(TARGET_NAME)";
				PROVISIONING_PROFILE = "85d9e4c1-3b74-415f-b6ff-6e775363e361";
				PROVISIONING_PROFILE_SPECIFIER = "LianXin Distribution";
				SDKROOT = iphoneos10.1;
				SWIFT_OBJC_BRIDGING_HEADER = "廉兴连心/廉兴连心-Bridging-Header.h";
				SWIFT_OPTIMIZATION_LEVEL = "-Onone";
				SWIFT_VERSION = 3.0;
				VALID_ARCHS = "armv7 armv7s arm64";
			};
			name = Debug;
		};
		A6772C201DCC4D7700425322 /* Release */ = {
			isa = XCBuildConfiguration;
			buildSettings = {
				ARCHS = "$(ARCHS_STANDARD)";
				ASSETCATALOG_COMPILER_APPICON_NAME = AppIcon;
				CLANG_ENABLE_MODULES = YES;
				CODE_SIGN_ENTITLEMENTS = "廉兴连心/廉兴连心.entitlements";
				CODE_SIGN_IDENTITY = "iPhone Distribution: lei chen (8MSH7WEY4Z)";
				DEVELOPMENT_TEAM = 8MSH7WEY4Z;
				FRAMEWORK_SEARCH_PATHS = (
					"$(inherited)",
					"$(PROJECT_DIR)/廉兴连心/Bmob_SDK_iOS_v1.7.2",
					"$(PROJECT_DIR)/廉兴连心/SWRevealViewController",
					"$(PROJECT_DIR)/廉兴连心",
					"$(PROJECT_DIR)/Carthage/Build/iOS",
				);
				INFOPLIST_FILE = "廉兴连心/Info.plist";
				IPHONEOS_DEPLOYMENT_TARGET = 10.0;
				LD_RUNPATH_SEARCH_PATHS = "$(inherited) @executable_path/Frameworks";
				LIBRARY_SEARCH_PATHS = (
					"$(inherited)",
					"$(PROJECT_DIR)/GtSdkLib-noidfa",
					"$(PROJECT_DIR)/Lib",
				);
				ONLY_ACTIVE_ARCH = YES;
				PRODUCT_BUNDLE_IDENTIFIER = com.whitebooks.LianXinLianXinLL;
				PRODUCT_NAME = "$(TARGET_NAME)";
				PROVISIONING_PROFILE = "85d9e4c1-3b74-415f-b6ff-6e775363e361";
				PROVISIONING_PROFILE_SPECIFIER = "LianXin Distribution";
				SDKROOT = iphoneos10.1;
				SWIFT_OBJC_BRIDGING_HEADER = "廉兴连心/廉兴连心-Bridging-Header.h";
				SWIFT_VERSION = 3.0;
				VALID_ARCHS = "armv7 armv7s arm64";
			};
			name = Release;
		};
		A6772C221DCC4D7700425322 /* Debug */ = {
			isa = XCBuildConfiguration;
			buildSettings = {
				ALWAYS_EMBED_SWIFT_STANDARD_LIBRARIES = YES;
				BUNDLE_LOADER = "$(TEST_HOST)";
				CLANG_ENABLE_MODULES = YES;
				DEVELOPMENT_TEAM = 5SV3GAQYT5;
				FRAMEWORK_SEARCH_PATHS = (
					"$(inherited)",
					"$(PROJECT_DIR)/廉兴连心/Bmob_SDK_iOS_v1.7.2",
				);
				INFOPLIST_FILE = "廉兴连心Tests/Info.plist";
				LD_RUNPATH_SEARCH_PATHS = "$(inherited) @executable_path/Frameworks @loader_path/Frameworks";
				PRODUCT_BUNDLE_IDENTIFIER = "whitebooks.----Tests";
				PRODUCT_NAME = "$(TARGET_NAME)";
				SWIFT_OBJC_BRIDGING_HEADER = "廉兴连心/廉兴连心Tests-Bridging-Header.h";
				SWIFT_OPTIMIZATION_LEVEL = "-Onone";
				SWIFT_VERSION = 3.0;
				TEST_HOST = "$(BUILT_PRODUCTS_DIR)/廉兴连心.app/廉兴连心";
			};
			name = Debug;
		};
		A6772C231DCC4D7700425322 /* Release */ = {
			isa = XCBuildConfiguration;
			buildSettings = {
				ALWAYS_EMBED_SWIFT_STANDARD_LIBRARIES = YES;
				BUNDLE_LOADER = "$(TEST_HOST)";
				CLANG_ENABLE_MODULES = YES;
				DEVELOPMENT_TEAM = 5SV3GAQYT5;
				FRAMEWORK_SEARCH_PATHS = (
					"$(inherited)",
					"$(PROJECT_DIR)/廉兴连心/Bmob_SDK_iOS_v1.7.2",
				);
				INFOPLIST_FILE = "廉兴连心Tests/Info.plist";
				LD_RUNPATH_SEARCH_PATHS = "$(inherited) @executable_path/Frameworks @loader_path/Frameworks";
				PRODUCT_BUNDLE_IDENTIFIER = "whitebooks.----Tests";
				PRODUCT_NAME = "$(TARGET_NAME)";
				SWIFT_OBJC_BRIDGING_HEADER = "廉兴连心/廉兴连心Tests-Bridging-Header.h";
				SWIFT_VERSION = 3.0;
				TEST_HOST = "$(BUILT_PRODUCTS_DIR)/廉兴连心.app/廉兴连心";
			};
			name = Release;
		};
		A6772C251DCC4D7700425322 /* Debug */ = {
			isa = XCBuildConfiguration;
			buildSettings = {
				ALWAYS_EMBED_SWIFT_STANDARD_LIBRARIES = YES;
				CLANG_ENABLE_MODULES = YES;
				DEVELOPMENT_TEAM = 5SV3GAQYT5;
				FRAMEWORK_SEARCH_PATHS = (
					"$(inherited)",
					"$(PROJECT_DIR)/廉兴连心/Bmob_SDK_iOS_v1.7.2",
				);
				INFOPLIST_FILE = "廉兴连心UITests/Info.plist";
				LD_RUNPATH_SEARCH_PATHS = "$(inherited) @executable_path/Frameworks @loader_path/Frameworks";
				PRODUCT_BUNDLE_IDENTIFIER = "whitebooks.----UITests";
				PRODUCT_NAME = "$(TARGET_NAME)";
				SWIFT_OBJC_BRIDGING_HEADER = "廉兴连心/廉兴连心UITests-Bridging-Header.h";
				SWIFT_OPTIMIZATION_LEVEL = "-Onone";
				SWIFT_VERSION = 3.0;
				TEST_TARGET_NAME = "廉兴连心";
			};
			name = Debug;
		};
		A6772C261DCC4D7700425322 /* Release */ = {
			isa = XCBuildConfiguration;
			buildSettings = {
				ALWAYS_EMBED_SWIFT_STANDARD_LIBRARIES = YES;
				CLANG_ENABLE_MODULES = YES;
				DEVELOPMENT_TEAM = 5SV3GAQYT5;
				FRAMEWORK_SEARCH_PATHS = (
					"$(inherited)",
					"$(PROJECT_DIR)/廉兴连心/Bmob_SDK_iOS_v1.7.2",
				);
				INFOPLIST_FILE = "廉兴连心UITests/Info.plist";
				LD_RUNPATH_SEARCH_PATHS = "$(inherited) @executable_path/Frameworks @loader_path/Frameworks";
				PRODUCT_BUNDLE_IDENTIFIER = "whitebooks.----UITests";
				PRODUCT_NAME = "$(TARGET_NAME)";
				SWIFT_OBJC_BRIDGING_HEADER = "廉兴连心/廉兴连心UITests-Bridging-Header.h";
				SWIFT_VERSION = 3.0;
				TEST_TARGET_NAME = "廉兴连心";
			};
			name = Release;
		};
/* End XCBuildConfiguration section */

/* Begin XCConfigurationList section */
		A6772BEE1DCC4D7700425322 /* Build configuration list for PBXProject "廉兴连心" */ = {
			isa = XCConfigurationList;
			buildConfigurations = (
				A6772C1C1DCC4D7700425322 /* Debug */,
				A6772C1D1DCC4D7700425322 /* Release */,
			);
			defaultConfigurationIsVisible = 0;
			defaultConfigurationName = Release;
		};
		A6772C1E1DCC4D7700425322 /* Build configuration list for PBXNativeTarget "廉兴连心" */ = {
			isa = XCConfigurationList;
			buildConfigurations = (
				A6772C1F1DCC4D7700425322 /* Debug */,
				A6772C201DCC4D7700425322 /* Release */,
			);
			defaultConfigurationIsVisible = 0;
			defaultConfigurationName = Release;
		};
		A6772C211DCC4D7700425322 /* Build configuration list for PBXNativeTarget "廉兴连心Tests" */ = {
			isa = XCConfigurationList;
			buildConfigurations = (
				A6772C221DCC4D7700425322 /* Debug */,
				A6772C231DCC4D7700425322 /* Release */,
			);
			defaultConfigurationIsVisible = 0;
			defaultConfigurationName = Release;
		};
		A6772C241DCC4D7700425322 /* Build configuration list for PBXNativeTarget "廉兴连心UITests" */ = {
			isa = XCConfigurationList;
			buildConfigurations = (
				A6772C251DCC4D7700425322 /* Debug */,
				A6772C261DCC4D7700425322 /* Release */,
			);
			defaultConfigurationIsVisible = 0;
			defaultConfigurationName = Release;
		};
/* End XCConfigurationList section */

/* Begin XCVersionGroup section */
		A6772BFD1DCC4D7700425322 /* ____.xcdatamodeld */ = {
			isa = XCVersionGroup;
			children = (
				A6772BFE1DCC4D7700425322 /* ____.xcdatamodel */,
			);
			currentVersion = A6772BFE1DCC4D7700425322 /* ____.xcdatamodel */;
			path = "____.xcdatamodeld";
			sourceTree = "<group>";
			versionGroupType = wrapper.xcdatamodel;
		};
/* End XCVersionGroup section */
	};
	rootObject = A6772BEB1DCC4D7700425322 /* Project object */;
}
